// !$*UTF8*$!
{
	archiveVersion = 1;
	classes = {
	};
	objectVersion = 48;
	objects = {

/* Begin PBXBuildFile section */
		6E1213021FA9A0D8007207D1 /* BaseViewController.swift in Sources */ = {isa = PBXBuildFile; fileRef = 6E1213011FA9A0D8007207D1 /* BaseViewController.swift */; };
		6E1213051FA9A9D4007207D1 /* TimerController.swift in Sources */ = {isa = PBXBuildFile; fileRef = 6E1213031FA9A9D4007207D1 /* TimerController.swift */; };
		6E1213061FA9A9D4007207D1 /* TimerController.xib in Resources */ = {isa = PBXBuildFile; fileRef = 6E1213041FA9A9D4007207D1 /* TimerController.xib */; };
		6E1213091FA9F9E9007207D1 /* TimerCell.swift in Sources */ = {isa = PBXBuildFile; fileRef = 6E1213071FA9F9E9007207D1 /* TimerCell.swift */; };
		6E12130A1FA9F9E9007207D1 /* TimerCell.xib in Resources */ = {isa = PBXBuildFile; fileRef = 6E1213081FA9F9E9007207D1 /* TimerCell.xib */; };
		6E207D631FA71CE600E323EA /* AppDelegate.swift in Sources */ = {isa = PBXBuildFile; fileRef = 6E207D621FA71CE600E323EA /* AppDelegate.swift */; };
		6E207D6A1FA71CE600E323EA /* Assets.xcassets in Resources */ = {isa = PBXBuildFile; fileRef = 6E207D691FA71CE600E323EA /* Assets.xcassets */; };
		6E207D6D1FA71CE600E323EA /* LaunchScreen.storyboard in Resources */ = {isa = PBXBuildFile; fileRef = 6E207D6B1FA71CE600E323EA /* LaunchScreen.storyboard */; };
		6E207D781FA71CE600E323EA /* LTVSwiftTests.swift in Sources */ = {isa = PBXBuildFile; fileRef = 6E207D771FA71CE600E323EA /* LTVSwiftTests.swift */; };
		6E207D831FA71CE600E323EA /* LTVSwiftUITests.swift in Sources */ = {isa = PBXBuildFile; fileRef = 6E207D821FA71CE600E323EA /* LTVSwiftUITests.swift */; };
		6E207D911FA71E2300E323EA /* MainViewController.swift in Sources */ = {isa = PBXBuildFile; fileRef = 6E207D901FA71E2300E323EA /* MainViewController.swift */; };
		6E207D931FA7236A00E323EA /* define.swift in Sources */ = {isa = PBXBuildFile; fileRef = 6E207D921FA7236A00E323EA /* define.swift */; };
		6E207DB21FA73C9E00E323EA /* demoList.plist in Resources */ = {isa = PBXBuildFile; fileRef = 6E207DB11FA73C9E00E323EA /* demoList.plist */; };
		6E3025FA1FAC68D1005634DF /* LTVTableView.swift in Sources */ = {isa = PBXBuildFile; fileRef = 6E3025F91FAC68D1005634DF /* LTVTableView.swift */; };
		6E3FBAB01FAC42CE00157CFE /* ThreeDTouchController.swift in Sources */ = {isa = PBXBuildFile; fileRef = 6E3FBAAE1FAC42CD00157CFE /* ThreeDTouchController.swift */; };
		6E3FBAB11FAC42CE00157CFE /* ThreeDTouchController.xib in Resources */ = {isa = PBXBuildFile; fileRef = 6E3FBAAF1FAC42CE00157CFE /* ThreeDTouchController.xib */; };
		6E3FBAB31FAC557400157CFE /* PreviewController.swift in Sources */ = {isa = PBXBuildFile; fileRef = 6E3FBAB21FAC557400157CFE /* PreviewController.swift */; };
		6E6E662C1FAABBDB00067A14 /* video.mov in Resources */ = {isa = PBXBuildFile; fileRef = 6E6E662B1FAABBDB00067A14 /* video.mov */; };
		6E6E66301FAAC18D00067A14 /* LocationServiceController.swift in Sources */ = {isa = PBXBuildFile; fileRef = 6E6E662E1FAAC18D00067A14 /* LocationServiceController.swift */; };
		6E6E66311FAAC18D00067A14 /* LocationServiceController.xib in Resources */ = {isa = PBXBuildFile; fileRef = 6E6E662F1FAAC18D00067A14 /* LocationServiceController.xib */; };
		6E6E66331FAAC70000067A14 /* LTVLocationManager.swift in Sources */ = {isa = PBXBuildFile; fileRef = 6E6E66321FAAC70000067A14 /* LTVLocationManager.swift */; };
		6E71B0D61FAAB2C900710A45 /* VideoPlayerController.swift in Sources */ = {isa = PBXBuildFile; fileRef = 6E71B0D41FAAB2C900710A45 /* VideoPlayerController.swift */; };
		6E71B0D71FAAB2C900710A45 /* VideoPlayerController.xib in Resources */ = {isa = PBXBuildFile; fileRef = 6E71B0D51FAAB2C900710A45 /* VideoPlayerController.xib */; };
/* End PBXBuildFile section */

/* Begin PBXContainerItemProxy section */
		6E207D741FA71CE600E323EA /* PBXContainerItemProxy */ = {
			isa = PBXContainerItemProxy;
			containerPortal = 6E207D571FA71CE600E323EA /* Project object */;
			proxyType = 1;
			remoteGlobalIDString = 6E207D5E1FA71CE600E323EA;
			remoteInfo = LTVSwift;
		};
		6E207D7F1FA71CE600E323EA /* PBXContainerItemProxy */ = {
			isa = PBXContainerItemProxy;
			containerPortal = 6E207D571FA71CE600E323EA /* Project object */;
			proxyType = 1;
			remoteGlobalIDString = 6E207D5E1FA71CE600E323EA;
			remoteInfo = LTVSwift;
		};
/* End PBXContainerItemProxy section */

/* Begin PBXFileReference section */
		6E1213011FA9A0D8007207D1 /* BaseViewController.swift */ = {isa = PBXFileReference; lastKnownFileType = sourcecode.swift; path = BaseViewController.swift; sourceTree = "<group>"; };
		6E1213031FA9A9D4007207D1 /* TimerController.swift */ = {isa = PBXFileReference; lastKnownFileType = sourcecode.swift; path = TimerController.swift; sourceTree = "<group>"; };
		6E1213041FA9A9D4007207D1 /* TimerController.xib */ = {isa = PBXFileReference; lastKnownFileType = file.xib; path = TimerController.xib; sourceTree = "<group>"; };
		6E1213071FA9F9E9007207D1 /* TimerCell.swift */ = {isa = PBXFileReference; lastKnownFileType = sourcecode.swift; path = TimerCell.swift; sourceTree = "<group>"; };
		6E1213081FA9F9E9007207D1 /* TimerCell.xib */ = {isa = PBXFileReference; lastKnownFileType = file.xib; path = TimerCell.xib; sourceTree = "<group>"; };
		6E207D5F1FA71CE600E323EA /* LTVSwift.app */ = {isa = PBXFileReference; explicitFileType = wrapper.application; includeInIndex = 0; path = LTVSwift.app; sourceTree = BUILT_PRODUCTS_DIR; };
		6E207D621FA71CE600E323EA /* AppDelegate.swift */ = {isa = PBXFileReference; lastKnownFileType = sourcecode.swift; path = AppDelegate.swift; sourceTree = "<group>"; };
		6E207D691FA71CE600E323EA /* Assets.xcassets */ = {isa = PBXFileReference; lastKnownFileType = folder.assetcatalog; path = Assets.xcassets; sourceTree = "<group>"; };
		6E207D6C1FA71CE600E323EA /* Base */ = {isa = PBXFileReference; lastKnownFileType = file.storyboard; name = Base; path = Base.lproj/LaunchScreen.storyboard; sourceTree = "<group>"; };
		6E207D6E1FA71CE600E323EA /* Info.plist */ = {isa = PBXFileReference; lastKnownFileType = text.plist.xml; path = Info.plist; sourceTree = "<group>"; };
		6E207D731FA71CE600E323EA /* LTVSwiftTests.xctest */ = {isa = PBXFileReference; explicitFileType = wrapper.cfbundle; includeInIndex = 0; path = LTVSwiftTests.xctest; sourceTree = BUILT_PRODUCTS_DIR; };
		6E207D771FA71CE600E323EA /* LTVSwiftTests.swift */ = {isa = PBXFileReference; lastKnownFileType = sourcecode.swift; path = LTVSwiftTests.swift; sourceTree = "<group>"; };
		6E207D791FA71CE600E323EA /* Info.plist */ = {isa = PBXFileReference; lastKnownFileType = text.plist.xml; path = Info.plist; sourceTree = "<group>"; };
		6E207D7E1FA71CE600E323EA /* LTVSwiftUITests.xctest */ = {isa = PBXFileReference; explicitFileType = wrapper.cfbundle; includeInIndex = 0; path = LTVSwiftUITests.xctest; sourceTree = BUILT_PRODUCTS_DIR; };
		6E207D821FA71CE600E323EA /* LTVSwiftUITests.swift */ = {isa = PBXFileReference; lastKnownFileType = sourcecode.swift; path = LTVSwiftUITests.swift; sourceTree = "<group>"; };
		6E207D841FA71CE600E323EA /* Info.plist */ = {isa = PBXFileReference; lastKnownFileType = text.plist.xml; path = Info.plist; sourceTree = "<group>"; };
		6E207D901FA71E2300E323EA /* MainViewController.swift */ = {isa = PBXFileReference; lastKnownFileType = sourcecode.swift; path = MainViewController.swift; sourceTree = "<group>"; };
		6E207D921FA7236A00E323EA /* define.swift */ = {isa = PBXFileReference; lastKnownFileType = sourcecode.swift; path = define.swift; sourceTree = "<group>"; };
		6E207DB11FA73C9E00E323EA /* demoList.plist */ = {isa = PBXFileReference; lastKnownFileType = text.plist.xml; path = demoList.plist; sourceTree = "<group>"; };
		6E3025F91FAC68D1005634DF /* LTVTableView.swift */ = {isa = PBXFileReference; lastKnownFileType = sourcecode.swift; path = LTVTableView.swift; sourceTree = "<group>"; };
		6E3FBAAE1FAC42CD00157CFE /* ThreeDTouchController.swift */ = {isa = PBXFileReference; lastKnownFileType = sourcecode.swift; path = ThreeDTouchController.swift; sourceTree = "<group>"; };
		6E3FBAAF1FAC42CE00157CFE /* ThreeDTouchController.xib */ = {isa = PBXFileReference; lastKnownFileType = file.xib; path = ThreeDTouchController.xib; sourceTree = "<group>"; };
		6E3FBAB21FAC557400157CFE /* PreviewController.swift */ = {isa = PBXFileReference; lastKnownFileType = sourcecode.swift; path = PreviewController.swift; sourceTree = "<group>"; };
		6E6E662B1FAABBDB00067A14 /* video.mov */ = {isa = PBXFileReference; lastKnownFileType = video.quicktime; path = video.mov; sourceTree = "<group>"; };
		6E6E662E1FAAC18D00067A14 /* LocationServiceController.swift */ = {isa = PBXFileReference; lastKnownFileType = sourcecode.swift; path = LocationServiceController.swift; sourceTree = "<group>"; };
		6E6E662F1FAAC18D00067A14 /* LocationServiceController.xib */ = {isa = PBXFileReference; lastKnownFileType = file.xib; path = LocationServiceController.xib; sourceTree = "<group>"; };
		6E6E66321FAAC70000067A14 /* LTVLocationManager.swift */ = {isa = PBXFileReference; lastKnownFileType = sourcecode.swift; path = LTVLocationManager.swift; sourceTree = "<group>"; };
		6E71B0D41FAAB2C900710A45 /* VideoPlayerController.swift */ = {isa = PBXFileReference; lastKnownFileType = sourcecode.swift; path = VideoPlayerController.swift; sourceTree = "<group>"; };
		6E71B0D51FAAB2C900710A45 /* VideoPlayerController.xib */ = {isa = PBXFileReference; lastKnownFileType = file.xib; path = VideoPlayerController.xib; sourceTree = "<group>"; };
/* End PBXFileReference section */

/* Begin PBXFrameworksBuildPhase section */
		6E207D5C1FA71CE600E323EA /* Frameworks */ = {
			isa = PBXFrameworksBuildPhase;
			buildActionMask = 2147483647;
			files = (
			);
			runOnlyForDeploymentPostprocessing = 0;
		};
		6E207D701FA71CE600E323EA /* Frameworks */ = {
			isa = PBXFrameworksBuildPhase;
			buildActionMask = 2147483647;
			files = (
			);
			runOnlyForDeploymentPostprocessing = 0;
		};
		6E207D7B1FA71CE600E323EA /* Frameworks */ = {
			isa = PBXFrameworksBuildPhase;
			buildActionMask = 2147483647;
			files = (
			);
			runOnlyForDeploymentPostprocessing = 0;
		};
/* End PBXFrameworksBuildPhase section */

/* Begin PBXGroup section */
		6E1212FC1FA9714A007207D1 /* 1.计时器 */ = {
			isa = PBXGroup;
			children = (
				6E1213031FA9A9D4007207D1 /* TimerController.swift */,
				6E1213041FA9A9D4007207D1 /* TimerController.xib */,
				6E1213071FA9F9E9007207D1 /* TimerCell.swift */,
				6E1213081FA9F9E9007207D1 /* TimerCell.xib */,
			);
			path = "1.计时器";
			sourceTree = "<group>";
		};
		6E207D561FA71CE600E323EA = {
			isa = PBXGroup;
			children = (
				6E207D611FA71CE600E323EA /* LTVSwift */,
				6E207D761FA71CE600E323EA /* LTVSwiftTests */,
				6E207D811FA71CE600E323EA /* LTVSwiftUITests */,
				6E207D601FA71CE600E323EA /* Products */,
			);
			sourceTree = "<group>";
		};
		6E207D601FA71CE600E323EA /* Products */ = {
			isa = PBXGroup;
			children = (
				6E207D5F1FA71CE600E323EA /* LTVSwift.app */,
				6E207D731FA71CE600E323EA /* LTVSwiftTests.xctest */,
				6E207D7E1FA71CE600E323EA /* LTVSwiftUITests.xctest */,
			);
			name = Products;
			sourceTree = "<group>";
		};
		6E207D611FA71CE600E323EA /* LTVSwift */ = {
			isa = PBXGroup;
			children = (
				6E207D621FA71CE600E323EA /* AppDelegate.swift */,
				6E207D901FA71E2300E323EA /* MainViewController.swift */,
				6E1213011FA9A0D8007207D1 /* BaseViewController.swift */,
				6E1212FC1FA9714A007207D1 /* 1.计时器 */,
				6E71B0CF1FAAB13200710A45 /* 2.视频播放器 */,
				6E6E662D1FAAC16B00067A14 /* 3.定位服务 */,
				6E39D0AE1FAC3ADA00F7294F /* 4.3DTouch */,
				6E207D691FA71CE600E323EA /* Assets.xcassets */,
				6E207D6B1FA71CE600E323EA /* LaunchScreen.storyboard */,
				6E207D6E1FA71CE600E323EA /* Info.plist */,
				6E207D921FA7236A00E323EA /* define.swift */,
				6E207DB11FA73C9E00E323EA /* demoList.plist */,
			);
			path = LTVSwift;
			sourceTree = "<group>";
		};
		6E207D761FA71CE600E323EA /* LTVSwiftTests */ = {
			isa = PBXGroup;
			children = (
				6E207D771FA71CE600E323EA /* LTVSwiftTests.swift */,
				6E207D791FA71CE600E323EA /* Info.plist */,
			);
			path = LTVSwiftTests;
			sourceTree = "<group>";
		};
		6E207D811FA71CE600E323EA /* LTVSwiftUITests */ = {
			isa = PBXGroup;
			children = (
				6E207D821FA71CE600E323EA /* LTVSwiftUITests.swift */,
				6E207D841FA71CE600E323EA /* Info.plist */,
			);
			path = LTVSwiftUITests;
			sourceTree = "<group>";
		};
		6E39D0AE1FAC3ADA00F7294F /* 4.3DTouch */ = {
			isa = PBXGroup;
			children = (
				6E3FBAAE1FAC42CD00157CFE /* ThreeDTouchController.swift */,
				6E3FBAAF1FAC42CE00157CFE /* ThreeDTouchController.xib */,
				6E3FBAB21FAC557400157CFE /* PreviewController.swift */,
				6E3025F91FAC68D1005634DF /* LTVTableView.swift */,
			);
			path = 4.3DTouch;
			sourceTree = "<group>";
		};
		6E6E662D1FAAC16B00067A14 /* 3.定位服务 */ = {
			isa = PBXGroup;
			children = (
				6E6E66321FAAC70000067A14 /* LTVLocationManager.swift */,
				6E6E662E1FAAC18D00067A14 /* LocationServiceController.swift */,
				6E6E662F1FAAC18D00067A14 /* LocationServiceController.xib */,
			);
			path = "3.定位服务";
			sourceTree = "<group>";
		};
		6E71B0CF1FAAB13200710A45 /* 2.视频播放器 */ = {
			isa = PBXGroup;
			children = (
				6E6E662B1FAABBDB00067A14 /* video.mov */,
				6E71B0D41FAAB2C900710A45 /* VideoPlayerController.swift */,
				6E71B0D51FAAB2C900710A45 /* VideoPlayerController.xib */,
			);
			path = "2.视频播放器";
			sourceTree = "<group>";
		};
/* End PBXGroup section */

/* Begin PBXNativeTarget section */
		6E207D5E1FA71CE600E323EA /* LTVSwift */ = {
			isa = PBXNativeTarget;
			buildConfigurationList = 6E207D871FA71CE600E323EA /* Build configuration list for PBXNativeTarget "LTVSwift" */;
			buildPhases = (
				6E207D5B1FA71CE600E323EA /* Sources */,
				6E207D5C1FA71CE600E323EA /* Frameworks */,
				6E207D5D1FA71CE600E323EA /* Resources */,
			);
			buildRules = (
			);
			dependencies = (
			);
			name = LTVSwift;
			productName = LTVSwift;
			productReference = 6E207D5F1FA71CE600E323EA /* LTVSwift.app */;
			productType = "com.apple.product-type.application";
		};
		6E207D721FA71CE600E323EA /* LTVSwiftTests */ = {
			isa = PBXNativeTarget;
			buildConfigurationList = 6E207D8A1FA71CE600E323EA /* Build configuration list for PBXNativeTarget "LTVSwiftTests" */;
			buildPhases = (
				6E207D6F1FA71CE600E323EA /* Sources */,
				6E207D701FA71CE600E323EA /* Frameworks */,
				6E207D711FA71CE600E323EA /* Resources */,
			);
			buildRules = (
			);
			dependencies = (
				6E207D751FA71CE600E323EA /* PBXTargetDependency */,
			);
			name = LTVSwiftTests;
			productName = LTVSwiftTests;
			productReference = 6E207D731FA71CE600E323EA /* LTVSwiftTests.xctest */;
			productType = "com.apple.product-type.bundle.unit-test";
		};
		6E207D7D1FA71CE600E323EA /* LTVSwiftUITests */ = {
			isa = PBXNativeTarget;
			buildConfigurationList = 6E207D8D1FA71CE600E323EA /* Build configuration list for PBXNativeTarget "LTVSwiftUITests" */;
			buildPhases = (
				6E207D7A1FA71CE600E323EA /* Sources */,
				6E207D7B1FA71CE600E323EA /* Frameworks */,
				6E207D7C1FA71CE600E323EA /* Resources */,
			);
			buildRules = (
			);
			dependencies = (
				6E207D801FA71CE600E323EA /* PBXTargetDependency */,
			);
			name = LTVSwiftUITests;
			productName = LTVSwiftUITests;
			productReference = 6E207D7E1FA71CE600E323EA /* LTVSwiftUITests.xctest */;
			productType = "com.apple.product-type.bundle.ui-testing";
		};
/* End PBXNativeTarget section */

/* Begin PBXProject section */
		6E207D571FA71CE600E323EA /* Project object */ = {
			isa = PBXProject;
			attributes = {
				LastSwiftUpdateCheck = 0900;
				LastUpgradeCheck = 0900;
				ORGANIZATIONNAME = Lotheve;
				TargetAttributes = {
					6E207D5E1FA71CE600E323EA = {
						CreatedOnToolsVersion = 9.0.1;
						ProvisioningStyle = Automatic;
					};
					6E207D721FA71CE600E323EA = {
						CreatedOnToolsVersion = 9.0.1;
						ProvisioningStyle = Automatic;
						TestTargetID = 6E207D5E1FA71CE600E323EA;
					};
					6E207D7D1FA71CE600E323EA = {
						CreatedOnToolsVersion = 9.0.1;
						ProvisioningStyle = Automatic;
						TestTargetID = 6E207D5E1FA71CE600E323EA;
					};
				};
			};
			buildConfigurationList = 6E207D5A1FA71CE600E323EA /* Build configuration list for PBXProject "LTVSwift" */;
			compatibilityVersion = "Xcode 8.0";
			developmentRegion = en;
			hasScannedForEncodings = 0;
			knownRegions = (
				en,
				Base,
			);
			mainGroup = 6E207D561FA71CE600E323EA;
			productRefGroup = 6E207D601FA71CE600E323EA /* Products */;
			projectDirPath = "";
			projectRoot = "";
			targets = (
				6E207D5E1FA71CE600E323EA /* LTVSwift */,
				6E207D721FA71CE600E323EA /* LTVSwiftTests */,
				6E207D7D1FA71CE600E323EA /* LTVSwiftUITests */,
			);
		};
/* End PBXProject section */

/* Begin PBXResourcesBuildPhase section */
		6E207D5D1FA71CE600E323EA /* Resources */ = {
			isa = PBXResourcesBuildPhase;
			buildActionMask = 2147483647;
			files = (
				6E6E662C1FAABBDB00067A14 /* video.mov in Resources */,
				6E71B0D71FAAB2C900710A45 /* VideoPlayerController.xib in Resources */,
				6E207D6D1FA71CE600E323EA /* LaunchScreen.storyboard in Resources */,
				6E3FBAB11FAC42CE00157CFE /* ThreeDTouchController.xib in Resources */,
				6E12130A1FA9F9E9007207D1 /* TimerCell.xib in Resources */,
				6E6E66311FAAC18D00067A14 /* LocationServiceController.xib in Resources */,
				6E1213061FA9A9D4007207D1 /* TimerController.xib in Resources */,
				6E207D6A1FA71CE600E323EA /* Assets.xcassets in Resources */,
				6E207DB21FA73C9E00E323EA /* demoList.plist in Resources */,
			);
			runOnlyForDeploymentPostprocessing = 0;
		};
		6E207D711FA71CE600E323EA /* Resources */ = {
			isa = PBXResourcesBuildPhase;
			buildActionMask = 2147483647;
			files = (
			);
			runOnlyForDeploymentPostprocessing = 0;
		};
		6E207D7C1FA71CE600E323EA /* Resources */ = {
			isa = PBXResourcesBuildPhase;
			buildActionMask = 2147483647;
			files = (
			);
			runOnlyForDeploymentPostprocessing = 0;
		};
/* End PBXResourcesBuildPhase section */

/* Begin PBXSourcesBuildPhase section */
		6E207D5B1FA71CE600E323EA /* Sources */ = {
			isa = PBXSourcesBuildPhase;
			buildActionMask = 2147483647;
			files = (
				6E6E66301FAAC18D00067A14 /* LocationServiceController.swift in Sources */,
				6E71B0D61FAAB2C900710A45 /* VideoPlayerController.swift in Sources */,
				6E3025FA1FAC68D1005634DF /* LTVTableView.swift in Sources */,
				6E1213021FA9A0D8007207D1 /* BaseViewController.swift in Sources */,
				6E3FBAB31FAC557400157CFE /* PreviewController.swift in Sources */,
				6E207D631FA71CE600E323EA /* AppDelegate.swift in Sources */,
				6E1213051FA9A9D4007207D1 /* TimerController.swift in Sources */,
				6E3FBAB01FAC42CE00157CFE /* ThreeDTouchController.swift in Sources */,
				6E207D911FA71E2300E323EA /* MainViewController.swift in Sources */,
				6E207D931FA7236A00E323EA /* define.swift in Sources */,
				6E1213091FA9F9E9007207D1 /* TimerCell.swift in Sources */,
				6E6E66331FAAC70000067A14 /* LTVLocationManager.swift in Sources */,
			);
			runOnlyForDeploymentPostprocessing = 0;
		};
		6E207D6F1FA71CE600E323EA /* Sources */ = {
			isa = PBXSourcesBuildPhase;
			buildActionMask = 2147483647;
			files = (
				6E207D781FA71CE600E323EA /* LTVSwiftTests.swift in Sources */,
			);
			runOnlyForDeploymentPostprocessing = 0;
		};
		6E207D7A1FA71CE600E323EA /* Sources */ = {
			isa = PBXSourcesBuildPhase;
			buildActionMask = 2147483647;
			files = (
				6E207D831FA71CE600E323EA /* LTVSwiftUITests.swift in Sources */,
			);
			runOnlyForDeploymentPostprocessing = 0;
		};
/* End PBXSourcesBuildPhase section */

/* Begin PBXTargetDependency section */
		6E207D751FA71CE600E323EA /* PBXTargetDependency */ = {
			isa = PBXTargetDependency;
			target = 6E207D5E1FA71CE600E323EA /* LTVSwift */;
			targetProxy = 6E207D741FA71CE600E323EA /* PBXContainerItemProxy */;
		};
		6E207D801FA71CE600E323EA /* PBXTargetDependency */ = {
			isa = PBXTargetDependency;
			target = 6E207D5E1FA71CE600E323EA /* LTVSwift */;
			targetProxy = 6E207D7F1FA71CE600E323EA /* PBXContainerItemProxy */;
		};
/* End PBXTargetDependency section */

/* Begin PBXVariantGroup section */
		6E207D6B1FA71CE600E323EA /* LaunchScreen.storyboard */ = {
			isa = PBXVariantGroup;
			children = (
				6E207D6C1FA71CE600E323EA /* Base */,
			);
			name = LaunchScreen.storyboard;
			sourceTree = "<group>";
		};
/* End PBXVariantGroup section */

/* Begin XCBuildConfiguration section */
		6E207D851FA71CE600E323EA /* Debug */ = {
			isa = XCBuildConfiguration;
			buildSettings = {
				ALWAYS_SEARCH_USER_PATHS = NO;
				CLANG_ANALYZER_NONNULL = YES;
				CLANG_ANALYZER_NUMBER_OBJECT_CONVERSION = YES_AGGRESSIVE;
				CLANG_CXX_LANGUAGE_STANDARD = "gnu++14";
				CLANG_CXX_LIBRARY = "libc++";
				CLANG_ENABLE_MODULES = YES;
				CLANG_ENABLE_OBJC_ARC = YES;
				CLANG_WARN_BLOCK_CAPTURE_AUTORELEASING = YES;
				CLANG_WARN_BOOL_CONVERSION = YES;
				CLANG_WARN_COMMA = YES;
				CLANG_WARN_CONSTANT_CONVERSION = YES;
				CLANG_WARN_DIRECT_OBJC_ISA_USAGE = YES_ERROR;
				CLANG_WARN_DOCUMENTATION_COMMENTS = YES;
				CLANG_WARN_EMPTY_BODY = YES;
				CLANG_WARN_ENUM_CONVERSION = YES;
				CLANG_WARN_INFINITE_RECURSION = YES;
				CLANG_WARN_INT_CONVERSION = YES;
				CLANG_WARN_NON_LITERAL_NULL_CONVERSION = YES;
				CLANG_WARN_OBJC_LITERAL_CONVERSION = YES;
				CLANG_WARN_OBJC_ROOT_CLASS = YES_ERROR;
				CLANG_WARN_RANGE_LOOP_ANALYSIS = YES;
				CLANG_WARN_STRICT_PROTOTYPES = YES;
				CLANG_WARN_SUSPICIOUS_MOVE = YES;
				CLANG_WARN_UNGUARDED_AVAILABILITY = YES_AGGRESSIVE;
				CLANG_WARN_UNREACHABLE_CODE = YES;
				CLANG_WARN__DUPLICATE_METHOD_MATCH = YES;
				CODE_SIGN_IDENTITY = "iPhone Developer";
				COPY_PHASE_STRIP = NO;
				DEBUG_INFORMATION_FORMAT = dwarf;
				ENABLE_STRICT_OBJC_MSGSEND = YES;
				ENABLE_TESTABILITY = YES;
				GCC_C_LANGUAGE_STANDARD = gnu11;
				GCC_DYNAMIC_NO_PIC = NO;
				GCC_NO_COMMON_BLOCKS = YES;
				GCC_OPTIMIZATION_LEVEL = 0;
				GCC_PREPROCESSOR_DEFINITIONS = (
					"DEBUG=1",
					"$(inherited)",
				);
				GCC_WARN_64_TO_32_BIT_CONVERSION = YES;
				GCC_WARN_ABOUT_RETURN_TYPE = YES_ERROR;
				GCC_WARN_UNDECLARED_SELECTOR = YES;
				GCC_WARN_UNINITIALIZED_AUTOS = YES_AGGRESSIVE;
				GCC_WARN_UNUSED_FUNCTION = YES;
				GCC_WARN_UNUSED_VARIABLE = YES;
				IPHONEOS_DEPLOYMENT_TARGET = 11.0;
				MTL_ENABLE_DEBUG_INFO = YES;
				ONLY_ACTIVE_ARCH = YES;
				SDKROOT = iphoneos;
				SWIFT_ACTIVE_COMPILATION_CONDITIONS = DEBUG;
				SWIFT_OPTIMIZATION_LEVEL = "-Onone";
			};
			name = Debug;
		};
		6E207D861FA71CE600E323EA /* Release */ = {
			isa = XCBuildConfiguration;
			buildSettings = {
				ALWAYS_SEARCH_USER_PATHS = NO;
				CLANG_ANALYZER_NONNULL = YES;
				CLANG_ANALYZER_NUMBER_OBJECT_CONVERSION = YES_AGGRESSIVE;
				CLANG_CXX_LANGUAGE_STANDARD = "gnu++14";
				CLANG_CXX_LIBRARY = "libc++";
				CLANG_ENABLE_MODULES = YES;
				CLANG_ENABLE_OBJC_ARC = YES;
				CLANG_WARN_BLOCK_CAPTURE_AUTORELEASING = YES;
				CLANG_WARN_BOOL_CONVERSION = YES;
				CLANG_WARN_COMMA = YES;
				CLANG_WARN_CONSTANT_CONVERSION = YES;
				CLANG_WARN_DIRECT_OBJC_ISA_USAGE = YES_ERROR;
				CLANG_WARN_DOCUMENTATION_COMMENTS = YES;
				CLANG_WARN_EMPTY_BODY = YES;
				CLANG_WARN_ENUM_CONVERSION = YES;
				CLANG_WARN_INFINITE_RECURSION = YES;
				CLANG_WARN_INT_CONVERSION = YES;
				CLANG_WARN_NON_LITERAL_NULL_CONVERSION = YES;
				CLANG_WARN_OBJC_LITERAL_CONVERSION = YES;
				CLANG_WARN_OBJC_ROOT_CLASS = YES_ERROR;
				CLANG_WARN_RANGE_LOOP_ANALYSIS = YES;
				CLANG_WARN_STRICT_PROTOTYPES = YES;
				CLANG_WARN_SUSPICIOUS_MOVE = YES;
				CLANG_WARN_UNGUARDED_AVAILABILITY = YES_AGGRESSIVE;
				CLANG_WARN_UNREACHABLE_CODE = YES;
				CLANG_WARN__DUPLICATE_METHOD_MATCH = YES;
				CODE_SIGN_IDENTITY = "iPhone Developer";
				COPY_PHASE_STRIP = NO;
				DEBUG_INFORMATION_FORMAT = "dwarf-with-dsym";
				ENABLE_NS_ASSERTIONS = NO;
				ENABLE_STRICT_OBJC_MSGSEND = YES;
				GCC_C_LANGUAGE_STANDARD = gnu11;
				GCC_NO_COMMON_BLOCKS = YES;
				GCC_WARN_64_TO_32_BIT_CONVERSION = YES;
				GCC_WARN_ABOUT_RETURN_TYPE = YES_ERROR;
				GCC_WARN_UNDECLARED_SELECTOR = YES;
				GCC_WARN_UNINITIALIZED_AUTOS = YES_AGGRESSIVE;
				GCC_WARN_UNUSED_FUNCTION = YES;
				GCC_WARN_UNUSED_VARIABLE = YES;
				IPHONEOS_DEPLOYMENT_TARGET = 11.0;
				MTL_ENABLE_DEBUG_INFO = NO;
				SDKROOT = iphoneos;
				SWIFT_OPTIMIZATION_LEVEL = "-Owholemodule";
				VALIDATE_PRODUCT = YES;
			};
			name = Release;
		};
		6E207D881FA71CE600E323EA /* Debug */ = {
			isa = XCBuildConfiguration;
			buildSettings = {
				ASSETCATALOG_COMPILER_APPICON_NAME = AppIcon;
				CODE_SIGN_STYLE = Automatic;
				DEVELOPMENT_TEAM = DVA5NZ84PS;
				GCC_PRECOMPILE_PREFIX_HEADER = YES;
				INFOPLIST_FILE = LTVSwift/Info.plist;
				IPHONEOS_DEPLOYMENT_TARGET = 8.0;
				LD_RUNPATH_SEARCH_PATHS = "$(inherited) @executable_path/Frameworks";
				PRODUCT_BUNDLE_IDENTIFIER = com.lotheve.LTVSwift;
				PRODUCT_NAME = "$(TARGET_NAME)";
				SWIFT_VERSION = 4.0;
				TARGETED_DEVICE_FAMILY = "1,2";
			};
			name = Debug;
		};
		6E207D891FA71CE600E323EA /* Release */ = {
			isa = XCBuildConfiguration;
			buildSettings = {
				ASSETCATALOG_COMPILER_APPICON_NAME = AppIcon;
				CODE_SIGN_STYLE = Automatic;
				DEVELOPMENT_TEAM = DVA5NZ84PS;
				GCC_PRECOMPILE_PREFIX_HEADER = YES;
				INFOPLIST_FILE = LTVSwift/Info.plist;
				IPHONEOS_DEPLOYMENT_TARGET = 8.0;
				LD_RUNPATH_SEARCH_PATHS = "$(inherited) @executable_path/Frameworks";
				PRODUCT_BUNDLE_IDENTIFIER = com.lotheve.LTVSwift;
				PRODUCT_NAME = "$(TARGET_NAME)";
				SWIFT_VERSION = 4.0;
				TARGETED_DEVICE_FAMILY = "1,2";
			};
			name = Release;
		};
		6E207D8B1FA71CE600E323EA /* Debug */ = {
			isa = XCBuildConfiguration;
			buildSettings = {
				ALWAYS_EMBED_SWIFT_STANDARD_LIBRARIES = YES;
				BUNDLE_LOADER = "$(TEST_HOST)";
				CODE_SIGN_STYLE = Automatic;
				DEVELOPMENT_TEAM = DVA5NZ84PS;
				INFOPLIST_FILE = LTVSwiftTests/Info.plist;
				LD_RUNPATH_SEARCH_PATHS = "$(inherited) @executable_path/Frameworks @loader_path/Frameworks";
				PRODUCT_BUNDLE_IDENTIFIER = com.lotheve.LTVSwiftTests;
				PRODUCT_NAME = "$(TARGET_NAME)";
				SWIFT_VERSION = 4.0;
				TARGETED_DEVICE_FAMILY = "1,2";
				TEST_HOST = "$(BUILT_PRODUCTS_DIR)/LTVSwift.app/LTVSwift";
			};
			name = Debug;
		};
		6E207D8C1FA71CE600E323EA /* Release */ = {
			isa = XCBuildConfiguration;
			buildSettings = {
				ALWAYS_EMBED_SWIFT_STANDARD_LIBRARIES = YES;
				BUNDLE_LOADER = "$(TEST_HOST)";
				CODE_SIGN_STYLE = Automatic;
				DEVELOPMENT_TEAM = DVA5NZ84PS;
				INFOPLIST_FILE = LTVSwiftTests/Info.plist;
				LD_RUNPATH_SEARCH_PATHS = "$(inherited) @executable_path/Frameworks @loader_path/Frameworks";
				PRODUCT_BUNDLE_IDENTIFIER = com.lotheve.LTVSwiftTests;
				PRODUCT_NAME = "$(TARGET_NAME)";
				SWIFT_VERSION = 4.0;
				TARGETED_DEVICE_FAMILY = "1,2";
				TEST_HOST = "$(BUILT_PRODUCTS_DIR)/LTVSwift.app/LTVSwift";
			};
			name = Release;
		};
		6E207D8E1FA71CE600E323EA /* Debug */ = {
			isa = XCBuildConfiguration;
			buildSettings = {
				ALWAYS_EMBED_SWIFT_STANDARD_LIBRARIES = YES;
				CODE_SIGN_STYLE = Automatic;
				DEVELOPMENT_TEAM = DVA5NZ84PS;
				INFOPLIST_FILE = LTVSwiftUITests/Info.plist;
				LD_RUNPATH_SEARCH_PATHS = "$(inherited) @executable_path/Frameworks @loader_path/Frameworks";
				PRODUCT_BUNDLE_IDENTIFIER = com.lotheve.LTVSwiftUITests;
				PRODUCT_NAME = "$(TARGET_NAME)";
				SWIFT_VERSION = 4.0;
				TARGETED_DEVICE_FAMILY = "1,2";
				TEST_TARGET_NAME = LTVSwift;
			};
			name = Debug;
		};
		6E207D8F1FA71CE600E323EA /* Release */ = {
			isa = XCBuildConfiguration;
			buildSettings = {
				ALWAYS_EMBED_SWIFT_STANDARD_LIBRARIES = YES;
				CODE_SIGN_STYLE = Automatic;
				DEVELOPMENT_TEAM = DVA5NZ84PS;
				INFOPLIST_FILE = LTVSwiftUITests/Info.plist;
				LD_RUNPATH_SEARCH_PATHS = "$(inherited) @executable_path/Frameworks @loader_path/Frameworks";
				PRODUCT_BUNDLE_IDENTIFIER = com.lotheve.LTVSwiftUITests;
				PRODUCT_NAME = "$(TARGET_NAME)";
				SWIFT_VERSION = 4.0;
				TARGETED_DEVICE_FAMILY = "1,2";
				TEST_TARGET_NAME = LTVSwift;
			};
			name = Release;
		};
/* End XCBuildConfiguration section */

/* Begin XCConfigurationList section */
		6E207D5A1FA71CE600E323EA /* Build configuration list for PBXProject "LTVSwift" */ = {
			isa = XCConfigurationList;
			buildConfigurations = (
				6E207D851FA71CE600E323EA /* Debug */,
				6E207D861FA71CE600E323EA /* Release */,
			);
			defaultConfigurationIsVisible = 0;
			defaultConfigurationName = Release;
		};
		6E207D871FA71CE600E323EA /* Build configuration list for PBXNativeTarget "LTVSwift" */ = {
			isa = XCConfigurationList;
			buildConfigurations = (
				6E207D881FA71CE600E323EA /* Debug */,
				6E207D891FA71CE600E323EA /* Release */,
			);
			defaultConfigurationIsVisible = 0;
			defaultConfigurationName = Release;
		};
		6E207D8A1FA71CE600E323EA /* Build configuration list for PBXNativeTarget "LTVSwiftTests" */ = {
			isa = XCConfigurationList;
			buildConfigurations = (
				6E207D8B1FA71CE600E323EA /* Debug */,
				6E207D8C1FA71CE600E323EA /* Release */,
			);
			defaultConfigurationIsVisible = 0;
			defaultConfigurationName = Release;
		};
		6E207D8D1FA71CE600E323EA /* Build configuration list for PBXNativeTarget "LTVSwiftUITests" */ = {
			isa = XCConfigurationList;
			buildConfigurations = (
				6E207D8E1FA71CE600E323EA /* Debug */,
				6E207D8F1FA71CE600E323EA /* Release */,
			);
			defaultConfigurationIsVisible = 0;
			defaultConfigurationName = Release;
		};
/* End XCConfigurationList section */
	};
	rootObject = 6E207D571FA71CE600E323EA /* Project object */;
}
