// !$*UTF8*$!
{
	archiveVersion = 1;
	classes = {
	};
	objectVersion = 48;
	objects = {

/* Begin PBXBuildFile section */
		6E114FF51FB00114009AD905 /* DataPickerController.swift in Sources */ = {isa = PBXBuildFile; fileRef = 6E114FF31FB00114009AD905 /* DataPickerController.swift */; };
		6E114FF61FB00114009AD905 /* DataPickerController.xib in Resources */ = {isa = PBXBuildFile; fileRef = 6E114FF41FB00114009AD905 /* DataPickerController.xib */; };
		6E114FF81FB00726009AD905 /* DatePickerView.swift in Sources */ = {isa = PBXBuildFile; fileRef = 6E114FF71FB00726009AD905 /* DatePickerView.swift */; };
		6E114FFC1FB0073A009AD905 /* AreaPickerView.swift in Sources */ = {isa = PBXBuildFile; fileRef = 6E114FFB1FB0073A009AD905 /* AreaPickerView.swift */; };
		6E1213021FA9A0D8007207D1 /* BaseViewController.swift in Sources */ = {isa = PBXBuildFile; fileRef = 6E1213011FA9A0D8007207D1 /* BaseViewController.swift */; };
		6E1213051FA9A9D4007207D1 /* TimerController.swift in Sources */ = {isa = PBXBuildFile; fileRef = 6E1213031FA9A9D4007207D1 /* TimerController.swift */; };
		6E1213061FA9A9D4007207D1 /* TimerController.xib in Resources */ = {isa = PBXBuildFile; fileRef = 6E1213041FA9A9D4007207D1 /* TimerController.xib */; };
		6E1213091FA9F9E9007207D1 /* TimerCell.swift in Sources */ = {isa = PBXBuildFile; fileRef = 6E1213071FA9F9E9007207D1 /* TimerCell.swift */; };
		6E12130A1FA9F9E9007207D1 /* TimerCell.xib in Resources */ = {isa = PBXBuildFile; fileRef = 6E1213081FA9F9E9007207D1 /* TimerCell.xib */; };
		6E207D631FA71CE600E323EA /* AppDelegate.swift in Sources */ = {isa = PBXBuildFile; fileRef = 6E207D621FA71CE600E323EA /* AppDelegate.swift */; };
		6E207D6A1FA71CE600E323EA /* Assets.xcassets in Resources */ = {isa = PBXBuildFile; fileRef = 6E207D691FA71CE600E323EA /* Assets.xcassets */; };
		6E207D6D1FA71CE600E323EA /* LaunchScreen.storyboard in Resources */ = {isa = PBXBuildFile; fileRef = 6E207D6B1FA71CE600E323EA /* LaunchScreen.storyboard */; };
		6E207D781FA71CE600E323EA /* LTVSwiftTests.swift in Sources */ = {isa = PBXBuildFile; fileRef = 6E207D771FA71CE600E323EA /* LTVSwiftTests.swift */; };
		6E207D831FA71CE600E323EA /* LTVSwiftUITests.swift in Sources */ = {isa = PBXBuildFile; fileRef = 6E207D821FA71CE600E323EA /* LTVSwiftUITests.swift */; };
		6E207D911FA71E2300E323EA /* MainViewController.swift in Sources */ = {isa = PBXBuildFile; fileRef = 6E207D901FA71E2300E323EA /* MainViewController.swift */; };
		6E207D931FA7236A00E323EA /* define.swift in Sources */ = {isa = PBXBuildFile; fileRef = 6E207D921FA7236A00E323EA /* define.swift */; };
		6E207DB21FA73C9E00E323EA /* demoList.plist in Resources */ = {isa = PBXBuildFile; fileRef = 6E207DB11FA73C9E00E323EA /* demoList.plist */; };
		6E2995F81FB54DC5009EF254 /* AnimLoginViewController.swift in Sources */ = {isa = PBXBuildFile; fileRef = 6E2995F61FB54DC5009EF254 /* AnimLoginViewController.swift */; };
		6E2995F91FB54DC5009EF254 /* AnimLoginViewController.xib in Resources */ = {isa = PBXBuildFile; fileRef = 6E2995F71FB54DC5009EF254 /* AnimLoginViewController.xib */; };
		6E2996021FB5509E009EF254 /* arm-down-left@2x.png in Resources */ = {isa = PBXBuildFile; fileRef = 6E2995FB1FB5509D009EF254 /* arm-down-left@2x.png */; };
		6E2996031FB5509E009EF254 /* arm-down-right@2x.png in Resources */ = {isa = PBXBuildFile; fileRef = 6E2995FC1FB5509D009EF254 /* arm-down-right@2x.png */; };
		6E2996041FB5509E009EF254 /* arm-up-left@2x.png in Resources */ = {isa = PBXBuildFile; fileRef = 6E2995FD1FB5509D009EF254 /* arm-up-left@2x.png */; };
		6E2996051FB5509E009EF254 /* arm-up-right@2x.png in Resources */ = {isa = PBXBuildFile; fileRef = 6E2995FE1FB5509D009EF254 /* arm-up-right@2x.png */; };
		6E2996061FB5509E009EF254 /* face@2x.png in Resources */ = {isa = PBXBuildFile; fileRef = 6E2995FF1FB5509D009EF254 /* face@2x.png */; };
		6E2996071FB5509E009EF254 /* iconfont-password.png in Resources */ = {isa = PBXBuildFile; fileRef = 6E2996001FB5509D009EF254 /* iconfont-password.png */; };
		6E2996081FB5509E009EF254 /* iconfont-user.png in Resources */ = {isa = PBXBuildFile; fileRef = 6E2996011FB5509D009EF254 /* iconfont-user.png */; };
		6E29960A1FB59023009EF254 /* LoginSuccessController.swift in Sources */ = {isa = PBXBuildFile; fileRef = 6E2996091FB59023009EF254 /* LoginSuccessController.swift */; };
		6E3025FA1FAC68D1005634DF /* LTVTableView.swift in Sources */ = {isa = PBXBuildFile; fileRef = 6E3025F91FAC68D1005634DF /* LTVTableView.swift */; };
		6E3FBAB01FAC42CE00157CFE /* ThreeDTouchController.swift in Sources */ = {isa = PBXBuildFile; fileRef = 6E3FBAAE1FAC42CD00157CFE /* ThreeDTouchController.swift */; };
		6E3FBAB11FAC42CE00157CFE /* ThreeDTouchController.xib in Resources */ = {isa = PBXBuildFile; fileRef = 6E3FBAAF1FAC42CE00157CFE /* ThreeDTouchController.xib */; };
		6E3FBAB31FAC557400157CFE /* PreviewController.swift in Sources */ = {isa = PBXBuildFile; fileRef = 6E3FBAB21FAC557400157CFE /* PreviewController.swift */; };
		6E4A67C71FB2EBD000A30647 /* LTVRefreshControl.swift in Sources */ = {isa = PBXBuildFile; fileRef = 6E4A67C61FB2EBD000A30647 /* LTVRefreshControl.swift */; };
		6E52B9DB1FB034D8007FBCB3 /* area.plist in Resources */ = {isa = PBXBuildFile; fileRef = 6E52B9DA1FB034D8007FBCB3 /* area.plist */; };
		6E57DA061FB2F7B70064552F /* RefreshContentView.swift in Sources */ = {isa = PBXBuildFile; fileRef = 6E57DA051FB2F7B70064552F /* RefreshContentView.swift */; };
		6E57DA0A1FB2F7D80064552F /* RefreshContentView.xib in Resources */ = {isa = PBXBuildFile; fileRef = 6E57DA091FB2F7D80064552F /* RefreshContentView.xib */; };
		6E57DA0D1FB306080064552F /* ImageTransformController.swift in Sources */ = {isa = PBXBuildFile; fileRef = 6E57DA0C1FB306080064552F /* ImageTransformController.swift */; };
		6E6E662C1FAABBDB00067A14 /* video.mov in Resources */ = {isa = PBXBuildFile; fileRef = 6E6E662B1FAABBDB00067A14 /* video.mov */; };
		6E6E66301FAAC18D00067A14 /* LocationServiceController.swift in Sources */ = {isa = PBXBuildFile; fileRef = 6E6E662E1FAAC18D00067A14 /* LocationServiceController.swift */; };
		6E6E66311FAAC18D00067A14 /* LocationServiceController.xib in Resources */ = {isa = PBXBuildFile; fileRef = 6E6E662F1FAAC18D00067A14 /* LocationServiceController.xib */; };
		6E6E66331FAAC70000067A14 /* LTVLocationManager.swift in Sources */ = {isa = PBXBuildFile; fileRef = 6E6E66321FAAC70000067A14 /* LTVLocationManager.swift */; };
		6E71B0D61FAAB2C900710A45 /* VideoPlayerController.swift in Sources */ = {isa = PBXBuildFile; fileRef = 6E71B0D41FAAB2C900710A45 /* VideoPlayerController.swift */; };
		6E8560571FAE01E600A31BBF /* GraduateColorController.swift in Sources */ = {isa = PBXBuildFile; fileRef = 6E8560561FAE01E600A31BBF /* GraduateColorController.swift */; };
		6E9A96201FB1865A00405E1B /* CarouselCell.swift in Sources */ = {isa = PBXBuildFile; fileRef = 6E9A961E1FB1865A00405E1B /* CarouselCell.swift */; };
		6E9A96211FB1865A00405E1B /* CarouselCell.xib in Resources */ = {isa = PBXBuildFile; fileRef = 6E9A961F1FB1865A00405E1B /* CarouselCell.xib */; };
		6E9A96331FB18A4000405E1B /* 0.jpg in Resources */ = {isa = PBXBuildFile; fileRef = 6E9A96291FB18A3F00405E1B /* 0.jpg */; };
		6E9A96341FB18A4000405E1B /* 1.jpg in Resources */ = {isa = PBXBuildFile; fileRef = 6E9A962A1FB18A3F00405E1B /* 1.jpg */; };
		6E9A96351FB18A4000405E1B /* 2.jpg in Resources */ = {isa = PBXBuildFile; fileRef = 6E9A962B1FB18A3F00405E1B /* 2.jpg */; };
		6E9A96361FB18A4000405E1B /* 3.jpg in Resources */ = {isa = PBXBuildFile; fileRef = 6E9A962C1FB18A3F00405E1B /* 3.jpg */; };
		6E9A96371FB18A4000405E1B /* 4.jpg in Resources */ = {isa = PBXBuildFile; fileRef = 6E9A962D1FB18A3F00405E1B /* 4.jpg */; };
		6E9A96381FB18A4000405E1B /* 5.jpg in Resources */ = {isa = PBXBuildFile; fileRef = 6E9A962E1FB18A3F00405E1B /* 5.jpg */; };
		6E9A96391FB18A4000405E1B /* 6.jpg in Resources */ = {isa = PBXBuildFile; fileRef = 6E9A962F1FB18A3F00405E1B /* 6.jpg */; };
		6E9A963A1FB18A4000405E1B /* 7.jpg in Resources */ = {isa = PBXBuildFile; fileRef = 6E9A96301FB18A3F00405E1B /* 7.jpg */; };
		6E9A963B1FB18A4000405E1B /* 8.jpg in Resources */ = {isa = PBXBuildFile; fileRef = 6E9A96311FB18A3F00405E1B /* 8.jpg */; };
		6E9A963C1FB18A4000405E1B /* 9.jpg in Resources */ = {isa = PBXBuildFile; fileRef = 6E9A96321FB18A3F00405E1B /* 9.jpg */; };
		6E9A963E1FB18B2D00405E1B /* CarouselLayout.swift in Sources */ = {isa = PBXBuildFile; fileRef = 6E9A963D1FB18B2D00405E1B /* CarouselLayout.swift */; };
		6E9A967B1FB28A0500405E1B /* CameraController.swift in Sources */ = {isa = PBXBuildFile; fileRef = 6E9A967A1FB28A0500405E1B /* CameraController.swift */; };
		6E9A967F1FB2DBEB00405E1B /* RefreshActionController.swift in Sources */ = {isa = PBXBuildFile; fileRef = 6E9A967E1FB2DBEB00405E1B /* RefreshActionController.swift */; };
		6EBE58021FB1523B007D1348 /* CarouselController.swift in Sources */ = {isa = PBXBuildFile; fileRef = 6EBE58011FB1523B007D1348 /* CarouselController.swift */; };
		6ECA01641FB3D4E100D5F3A2 /* cat.jpg in Resources */ = {isa = PBXBuildFile; fileRef = 6ECA01631FB3D4E100D5F3A2 /* cat.jpg */; };
		6ECA01661FB425B400D5F3A2 /* ImageTransformController.xib in Resources */ = {isa = PBXBuildFile; fileRef = 6ECA01651FB425B400D5F3A2 /* ImageTransformController.xib */; };
		6ECA01691FB437F600D5F3A2 /* GradientTableController.swift in Sources */ = {isa = PBXBuildFile; fileRef = 6ECA01681FB437F600D5F3A2 /* GradientTableController.swift */; };
		6ECA016B1FB43EE400D5F3A2 /* GradientCell.swift in Sources */ = {isa = PBXBuildFile; fileRef = 6ECA016A1FB43EE400D5F3A2 /* GradientCell.swift */; };
		6EE1EF601FAFEFD000FB55CD /* GraduateColorController.xib in Resources */ = {isa = PBXBuildFile; fileRef = 6EE1EF5F1FAFEFD000FB55CD /* GraduateColorController.xib */; };
/* End PBXBuildFile section */

/* Begin PBXContainerItemProxy section */
		6E207D741FA71CE600E323EA /* PBXContainerItemProxy */ = {
			isa = PBXContainerItemProxy;
			containerPortal = 6E207D571FA71CE600E323EA /* Project object */;
			proxyType = 1;
			remoteGlobalIDString = 6E207D5E1FA71CE600E323EA;
			remoteInfo = LTVSwift;
		};
		6E207D7F1FA71CE600E323EA /* PBXContainerItemProxy */ = {
			isa = PBXContainerItemProxy;
			containerPortal = 6E207D571FA71CE600E323EA /* Project object */;
			proxyType = 1;
			remoteGlobalIDString = 6E207D5E1FA71CE600E323EA;
			remoteInfo = LTVSwift;
		};
/* End PBXContainerItemProxy section */

/* Begin PBXFileReference section */
		6E114FF31FB00114009AD905 /* DataPickerController.swift */ = {isa = PBXFileReference; lastKnownFileType = sourcecode.swift; path = DataPickerController.swift; sourceTree = "<group>"; };
		6E114FF41FB00114009AD905 /* DataPickerController.xib */ = {isa = PBXFileReference; lastKnownFileType = file.xib; path = DataPickerController.xib; sourceTree = "<group>"; };
		6E114FF71FB00726009AD905 /* DatePickerView.swift */ = {isa = PBXFileReference; lastKnownFileType = sourcecode.swift; path = DatePickerView.swift; sourceTree = "<group>"; };
		6E114FFB1FB0073A009AD905 /* AreaPickerView.swift */ = {isa = PBXFileReference; lastKnownFileType = sourcecode.swift; path = AreaPickerView.swift; sourceTree = "<group>"; };
		6E1213011FA9A0D8007207D1 /* BaseViewController.swift */ = {isa = PBXFileReference; lastKnownFileType = sourcecode.swift; path = BaseViewController.swift; sourceTree = "<group>"; };
		6E1213031FA9A9D4007207D1 /* TimerController.swift */ = {isa = PBXFileReference; lastKnownFileType = sourcecode.swift; path = TimerController.swift; sourceTree = "<group>"; };
		6E1213041FA9A9D4007207D1 /* TimerController.xib */ = {isa = PBXFileReference; lastKnownFileType = file.xib; path = TimerController.xib; sourceTree = "<group>"; };
		6E1213071FA9F9E9007207D1 /* TimerCell.swift */ = {isa = PBXFileReference; lastKnownFileType = sourcecode.swift; path = TimerCell.swift; sourceTree = "<group>"; };
		6E1213081FA9F9E9007207D1 /* TimerCell.xib */ = {isa = PBXFileReference; lastKnownFileType = file.xib; path = TimerCell.xib; sourceTree = "<group>"; };
		6E207D5F1FA71CE600E323EA /* LTVSwift.app */ = {isa = PBXFileReference; explicitFileType = wrapper.application; includeInIndex = 0; path = LTVSwift.app; sourceTree = BUILT_PRODUCTS_DIR; };
		6E207D621FA71CE600E323EA /* AppDelegate.swift */ = {isa = PBXFileReference; lastKnownFileType = sourcecode.swift; path = AppDelegate.swift; sourceTree = "<group>"; };
		6E207D691FA71CE600E323EA /* Assets.xcassets */ = {isa = PBXFileReference; lastKnownFileType = folder.assetcatalog; path = Assets.xcassets; sourceTree = "<group>"; };
		6E207D6C1FA71CE600E323EA /* Base */ = {isa = PBXFileReference; lastKnownFileType = file.storyboard; name = Base; path = Base.lproj/LaunchScreen.storyboard; sourceTree = "<group>"; };
		6E207D6E1FA71CE600E323EA /* Info.plist */ = {isa = PBXFileReference; lastKnownFileType = text.plist.xml; path = Info.plist; sourceTree = "<group>"; };
		6E207D731FA71CE600E323EA /* LTVSwiftTests.xctest */ = {isa = PBXFileReference; explicitFileType = wrapper.cfbundle; includeInIndex = 0; path = LTVSwiftTests.xctest; sourceTree = BUILT_PRODUCTS_DIR; };
		6E207D771FA71CE600E323EA /* LTVSwiftTests.swift */ = {isa = PBXFileReference; lastKnownFileType = sourcecode.swift; path = LTVSwiftTests.swift; sourceTree = "<group>"; };
		6E207D791FA71CE600E323EA /* Info.plist */ = {isa = PBXFileReference; lastKnownFileType = text.plist.xml; path = Info.plist; sourceTree = "<group>"; };
		6E207D7E1FA71CE600E323EA /* LTVSwiftUITests.xctest */ = {isa = PBXFileReference; explicitFileType = wrapper.cfbundle; includeInIndex = 0; path = LTVSwiftUITests.xctest; sourceTree = BUILT_PRODUCTS_DIR; };
		6E207D821FA71CE600E323EA /* LTVSwiftUITests.swift */ = {isa = PBXFileReference; lastKnownFileType = sourcecode.swift; path = LTVSwiftUITests.swift; sourceTree = "<group>"; };
		6E207D841FA71CE600E323EA /* Info.plist */ = {isa = PBXFileReference; lastKnownFileType = text.plist.xml; path = Info.plist; sourceTree = "<group>"; };
		6E207D901FA71E2300E323EA /* MainViewController.swift */ = {isa = PBXFileReference; lastKnownFileType = sourcecode.swift; path = MainViewController.swift; sourceTree = "<group>"; };
		6E207D921FA7236A00E323EA /* define.swift */ = {isa = PBXFileReference; lastKnownFileType = sourcecode.swift; path = define.swift; sourceTree = "<group>"; };
		6E207DB11FA73C9E00E323EA /* demoList.plist */ = {isa = PBXFileReference; lastKnownFileType = text.plist.xml; path = demoList.plist; sourceTree = "<group>"; };
		6E2995F61FB54DC5009EF254 /* AnimLoginViewController.swift */ = {isa = PBXFileReference; lastKnownFileType = sourcecode.swift; path = AnimLoginViewController.swift; sourceTree = "<group>"; };
		6E2995F71FB54DC5009EF254 /* AnimLoginViewController.xib */ = {isa = PBXFileReference; lastKnownFileType = file.xib; path = AnimLoginViewController.xib; sourceTree = "<group>"; };
		6E2995FB1FB5509D009EF254 /* arm-down-left@2x.png */ = {isa = PBXFileReference; lastKnownFileType = image.png; path = "arm-down-left@2x.png"; sourceTree = "<group>"; };
		6E2995FC1FB5509D009EF254 /* arm-down-right@2x.png */ = {isa = PBXFileReference; lastKnownFileType = image.png; path = "arm-down-right@2x.png"; sourceTree = "<group>"; };
		6E2995FD1FB5509D009EF254 /* arm-up-left@2x.png */ = {isa = PBXFileReference; lastKnownFileType = image.png; path = "arm-up-left@2x.png"; sourceTree = "<group>"; };
		6E2995FE1FB5509D009EF254 /* arm-up-right@2x.png */ = {isa = PBXFileReference; lastKnownFileType = image.png; path = "arm-up-right@2x.png"; sourceTree = "<group>"; };
		6E2995FF1FB5509D009EF254 /* face@2x.png */ = {isa = PBXFileReference; lastKnownFileType = image.png; path = "face@2x.png"; sourceTree = "<group>"; };
		6E2996001FB5509D009EF254 /* iconfont-password.png */ = {isa = PBXFileReference; lastKnownFileType = image.png; path = "iconfont-password.png"; sourceTree = "<group>"; };
		6E2996011FB5509D009EF254 /* iconfont-user.png */ = {isa = PBXFileReference; lastKnownFileType = image.png; path = "iconfont-user.png"; sourceTree = "<group>"; };
		6E2996091FB59023009EF254 /* LoginSuccessController.swift */ = {isa = PBXFileReference; lastKnownFileType = sourcecode.swift; path = LoginSuccessController.swift; sourceTree = "<group>"; };
		6E3025F91FAC68D1005634DF /* LTVTableView.swift */ = {isa = PBXFileReference; lastKnownFileType = sourcecode.swift; path = LTVTableView.swift; sourceTree = "<group>"; };
		6E3FBAAE1FAC42CD00157CFE /* ThreeDTouchController.swift */ = {isa = PBXFileReference; lastKnownFileType = sourcecode.swift; path = ThreeDTouchController.swift; sourceTree = "<group>"; };
		6E3FBAAF1FAC42CE00157CFE /* ThreeDTouchController.xib */ = {isa = PBXFileReference; lastKnownFileType = file.xib; path = ThreeDTouchController.xib; sourceTree = "<group>"; };
		6E3FBAB21FAC557400157CFE /* PreviewController.swift */ = {isa = PBXFileReference; lastKnownFileType = sourcecode.swift; path = PreviewController.swift; sourceTree = "<group>"; };
		6E4A67C61FB2EBD000A30647 /* LTVRefreshControl.swift */ = {isa = PBXFileReference; lastKnownFileType = sourcecode.swift; path = LTVRefreshControl.swift; sourceTree = "<group>"; };
		6E52B9DA1FB034D8007FBCB3 /* area.plist */ = {isa = PBXFileReference; fileEncoding = 4; lastKnownFileType = text.plist.xml; path = area.plist; sourceTree = "<group>"; };
		6E57DA051FB2F7B70064552F /* RefreshContentView.swift */ = {isa = PBXFileReference; lastKnownFileType = sourcecode.swift; path = RefreshContentView.swift; sourceTree = "<group>"; };
		6E57DA091FB2F7D80064552F /* RefreshContentView.xib */ = {isa = PBXFileReference; lastKnownFileType = file.xib; path = RefreshContentView.xib; sourceTree = "<group>"; };
		6E57DA0C1FB306080064552F /* ImageTransformController.swift */ = {isa = PBXFileReference; lastKnownFileType = sourcecode.swift; path = ImageTransformController.swift; sourceTree = "<group>"; };
		6E6E662B1FAABBDB00067A14 /* video.mov */ = {isa = PBXFileReference; lastKnownFileType = video.quicktime; path = video.mov; sourceTree = "<group>"; };
		6E6E662E1FAAC18D00067A14 /* LocationServiceController.swift */ = {isa = PBXFileReference; lastKnownFileType = sourcecode.swift; path = LocationServiceController.swift; sourceTree = "<group>"; };
		6E6E662F1FAAC18D00067A14 /* LocationServiceController.xib */ = {isa = PBXFileReference; lastKnownFileType = file.xib; path = LocationServiceController.xib; sourceTree = "<group>"; };
		6E6E66321FAAC70000067A14 /* LTVLocationManager.swift */ = {isa = PBXFileReference; lastKnownFileType = sourcecode.swift; path = LTVLocationManager.swift; sourceTree = "<group>"; };
		6E71B0D41FAAB2C900710A45 /* VideoPlayerController.swift */ = {isa = PBXFileReference; lastKnownFileType = sourcecode.swift; path = VideoPlayerController.swift; sourceTree = "<group>"; };
		6E8560561FAE01E600A31BBF /* GraduateColorController.swift */ = {isa = PBXFileReference; lastKnownFileType = sourcecode.swift; path = GraduateColorController.swift; sourceTree = "<group>"; };
		6E9A961E1FB1865A00405E1B /* CarouselCell.swift */ = {isa = PBXFileReference; lastKnownFileType = sourcecode.swift; path = CarouselCell.swift; sourceTree = "<group>"; };
		6E9A961F1FB1865A00405E1B /* CarouselCell.xib */ = {isa = PBXFileReference; lastKnownFileType = file.xib; path = CarouselCell.xib; sourceTree = "<group>"; };
		6E9A96291FB18A3F00405E1B /* 0.jpg */ = {isa = PBXFileReference; lastKnownFileType = image.jpeg; path = 0.jpg; sourceTree = "<group>"; };
		6E9A962A1FB18A3F00405E1B /* 1.jpg */ = {isa = PBXFileReference; lastKnownFileType = image.jpeg; path = 1.jpg; sourceTree = "<group>"; };
		6E9A962B1FB18A3F00405E1B /* 2.jpg */ = {isa = PBXFileReference; lastKnownFileType = image.jpeg; path = 2.jpg; sourceTree = "<group>"; };
		6E9A962C1FB18A3F00405E1B /* 3.jpg */ = {isa = PBXFileReference; lastKnownFileType = image.jpeg; path = 3.jpg; sourceTree = "<group>"; };
		6E9A962D1FB18A3F00405E1B /* 4.jpg */ = {isa = PBXFileReference; lastKnownFileType = image.jpeg; path = 4.jpg; sourceTree = "<group>"; };
		6E9A962E1FB18A3F00405E1B /* 5.jpg */ = {isa = PBXFileReference; lastKnownFileType = image.jpeg; path = 5.jpg; sourceTree = "<group>"; };
		6E9A962F1FB18A3F00405E1B /* 6.jpg */ = {isa = PBXFileReference; lastKnownFileType = image.jpeg; path = 6.jpg; sourceTree = "<group>"; };
		6E9A96301FB18A3F00405E1B /* 7.jpg */ = {isa = PBXFileReference; lastKnownFileType = image.jpeg; path = 7.jpg; sourceTree = "<group>"; };
		6E9A96311FB18A3F00405E1B /* 8.jpg */ = {isa = PBXFileReference; lastKnownFileType = image.jpeg; path = 8.jpg; sourceTree = "<group>"; };
		6E9A96321FB18A3F00405E1B /* 9.jpg */ = {isa = PBXFileReference; lastKnownFileType = image.jpeg; path = 9.jpg; sourceTree = "<group>"; };
		6E9A963D1FB18B2D00405E1B /* CarouselLayout.swift */ = {isa = PBXFileReference; lastKnownFileType = sourcecode.swift; path = CarouselLayout.swift; sourceTree = "<group>"; };
		6E9A967A1FB28A0500405E1B /* CameraController.swift */ = {isa = PBXFileReference; lastKnownFileType = sourcecode.swift; path = CameraController.swift; sourceTree = "<group>"; };
		6E9A967E1FB2DBEB00405E1B /* RefreshActionController.swift */ = {isa = PBXFileReference; lastKnownFileType = sourcecode.swift; path = RefreshActionController.swift; sourceTree = "<group>"; };
		6EBE58011FB1523B007D1348 /* CarouselController.swift */ = {isa = PBXFileReference; lastKnownFileType = sourcecode.swift; path = CarouselController.swift; sourceTree = "<group>"; };
		6ECA01631FB3D4E100D5F3A2 /* cat.jpg */ = {isa = PBXFileReference; lastKnownFileType = image.jpeg; path = cat.jpg; sourceTree = "<group>"; };
		6ECA01651FB425B400D5F3A2 /* ImageTransformController.xib */ = {isa = PBXFileReference; lastKnownFileType = file.xib; path = ImageTransformController.xib; sourceTree = "<group>"; };
		6ECA01681FB437F600D5F3A2 /* GradientTableController.swift */ = {isa = PBXFileReference; lastKnownFileType = sourcecode.swift; path = GradientTableController.swift; sourceTree = "<group>"; };
		6ECA016A1FB43EE400D5F3A2 /* GradientCell.swift */ = {isa = PBXFileReference; lastKnownFileType = sourcecode.swift; path = GradientCell.swift; sourceTree = "<group>"; };
		6EE1EF5F1FAFEFD000FB55CD /* GraduateColorController.xib */ = {isa = PBXFileReference; lastKnownFileType = file.xib; path = GraduateColorController.xib; sourceTree = "<group>"; };
/* End PBXFileReference section */

/* Begin PBXFrameworksBuildPhase section */
		6E207D5C1FA71CE600E323EA /* Frameworks */ = {
			isa = PBXFrameworksBuildPhase;
			buildActionMask = 2147483647;
			files = (
			);
			runOnlyForDeploymentPostprocessing = 0;
		};
		6E207D701FA71CE600E323EA /* Frameworks */ = {
			isa = PBXFrameworksBuildPhase;
			buildActionMask = 2147483647;
			files = (
			);
			runOnlyForDeploymentPostprocessing = 0;
		};
		6E207D7B1FA71CE600E323EA /* Frameworks */ = {
			isa = PBXFrameworksBuildPhase;
			buildActionMask = 2147483647;
			files = (
			);
			runOnlyForDeploymentPostprocessing = 0;
		};
/* End PBXFrameworksBuildPhase section */

/* Begin PBXGroup section */
		6E114FF01FB000E5009AD905 /* 6.数据选择器 */ = {
			isa = PBXGroup;
			children = (
				6E114FF31FB00114009AD905 /* DataPickerController.swift */,
				6E114FF41FB00114009AD905 /* DataPickerController.xib */,
				6E114FF71FB00726009AD905 /* DatePickerView.swift */,
				6E114FFB1FB0073A009AD905 /* AreaPickerView.swift */,
				6E52B9DA1FB034D8007FBCB3 /* area.plist */,
			);
			path = "6.数据选择器";
			sourceTree = "<group>";
		};
		6E1212FC1FA9714A007207D1 /* 1.计时器 */ = {
			isa = PBXGroup;
			children = (
				6E1213031FA9A9D4007207D1 /* TimerController.swift */,
				6E1213041FA9A9D4007207D1 /* TimerController.xib */,
				6E1213071FA9F9E9007207D1 /* TimerCell.swift */,
				6E1213081FA9F9E9007207D1 /* TimerCell.xib */,
			);
			path = "1.计时器";
			sourceTree = "<group>";
		};
		6E207D561FA71CE600E323EA = {
			isa = PBXGroup;
			children = (
				6E207D611FA71CE600E323EA /* LTVSwift */,
				6E207D761FA71CE600E323EA /* LTVSwiftTests */,
				6E207D811FA71CE600E323EA /* LTVSwiftUITests */,
				6E207D601FA71CE600E323EA /* Products */,
			);
			sourceTree = "<group>";
		};
		6E207D601FA71CE600E323EA /* Products */ = {
			isa = PBXGroup;
			children = (
				6E207D5F1FA71CE600E323EA /* LTVSwift.app */,
				6E207D731FA71CE600E323EA /* LTVSwiftTests.xctest */,
				6E207D7E1FA71CE600E323EA /* LTVSwiftUITests.xctest */,
			);
			name = Products;
			sourceTree = "<group>";
		};
		6E207D611FA71CE600E323EA /* LTVSwift */ = {
			isa = PBXGroup;
			children = (
				6E207D621FA71CE600E323EA /* AppDelegate.swift */,
				6E207D901FA71E2300E323EA /* MainViewController.swift */,
				6E1213011FA9A0D8007207D1 /* BaseViewController.swift */,
				6E1212FC1FA9714A007207D1 /* 1.计时器 */,
				6E71B0CF1FAAB13200710A45 /* 2.视频播放器 */,
				6E6E662D1FAAC16B00067A14 /* 3.定位服务 */,
				6E39D0AE1FAC3ADA00F7294F /* 4.3DTouch */,
				6E8560551FAE014E00A31BBF /* 5.渐变色 */,
				6E114FF01FB000E5009AD905 /* 6.数据选择器 */,
				6E52B9DC1FB08AE3007FBCB3 /* 7.旋转木马相册 */,
				6E9A96791FB1DF5B00405E1B /* 8. 相机使用 */,
				6E9A967D1FB2DBBD00405E1B /* 9. 下拉刷新 */,
				6E57DA0B1FB305880064552F /* 10. 图片旋转缩放及模糊 */,
				6ECA01671FB4375100D5F3A2 /* 11. TableViewCell背景渐变 */,
				6E2995F51FB54D7E009EF254 /* 12. 带动画登陆页（仿readme.io） */,
				6E207D691FA71CE600E323EA /* Assets.xcassets */,
				6E207D6B1FA71CE600E323EA /* LaunchScreen.storyboard */,
				6E207D6E1FA71CE600E323EA /* Info.plist */,
				6E207D921FA7236A00E323EA /* define.swift */,
				6E207DB11FA73C9E00E323EA /* demoList.plist */,
			);
			path = LTVSwift;
			sourceTree = "<group>";
		};
		6E207D761FA71CE600E323EA /* LTVSwiftTests */ = {
			isa = PBXGroup;
			children = (
				6E207D771FA71CE600E323EA /* LTVSwiftTests.swift */,
				6E207D791FA71CE600E323EA /* Info.plist */,
			);
			path = LTVSwiftTests;
			sourceTree = "<group>";
		};
		6E207D811FA71CE600E323EA /* LTVSwiftUITests */ = {
			isa = PBXGroup;
			children = (
				6E207D821FA71CE600E323EA /* LTVSwiftUITests.swift */,
				6E207D841FA71CE600E323EA /* Info.plist */,
			);
			path = LTVSwiftUITests;
			sourceTree = "<group>";
		};
		6E2995F51FB54D7E009EF254 /* 12. 带动画登陆页（仿readme.io） */ = {
			isa = PBXGroup;
			children = (
				6E2995F61FB54DC5009EF254 /* AnimLoginViewController.swift */,
				6E2995F71FB54DC5009EF254 /* AnimLoginViewController.xib */,
				6E2996091FB59023009EF254 /* LoginSuccessController.swift */,
				6E2995FA1FB5509D009EF254 /* Resources */,
			);
			path = "12. 带动画登陆页（仿readme.io）";
			sourceTree = "<group>";
		};
		6E2995FA1FB5509D009EF254 /* Resources */ = {
			isa = PBXGroup;
			children = (
				6E2995FB1FB5509D009EF254 /* arm-down-left@2x.png */,
				6E2995FC1FB5509D009EF254 /* arm-down-right@2x.png */,
				6E2995FD1FB5509D009EF254 /* arm-up-left@2x.png */,
				6E2995FE1FB5509D009EF254 /* arm-up-right@2x.png */,
				6E2995FF1FB5509D009EF254 /* face@2x.png */,
				6E2996001FB5509D009EF254 /* iconfont-password.png */,
				6E2996011FB5509D009EF254 /* iconfont-user.png */,
			);
			path = Resources;
			sourceTree = "<group>";
		};
		6E39D0AE1FAC3ADA00F7294F /* 4.3DTouch */ = {
			isa = PBXGroup;
			children = (
				6E3FBAAE1FAC42CD00157CFE /* ThreeDTouchController.swift */,
				6E3FBAAF1FAC42CE00157CFE /* ThreeDTouchController.xib */,
				6E3FBAB21FAC557400157CFE /* PreviewController.swift */,
				6E3025F91FAC68D1005634DF /* LTVTableView.swift */,
			);
			path = 4.3DTouch;
			sourceTree = "<group>";
		};
		6E52B9DC1FB08AE3007FBCB3 /* 7.旋转木马相册 */ = {
			isa = PBXGroup;
			children = (
				6EBE58011FB1523B007D1348 /* CarouselController.swift */,
				6E9A963D1FB18B2D00405E1B /* CarouselLayout.swift */,
				6E9A961E1FB1865A00405E1B /* CarouselCell.swift */,
				6E9A961F1FB1865A00405E1B /* CarouselCell.xib */,
				6E9A96281FB18A3F00405E1B /* Resource */,
			);
			path = "7.旋转木马相册";
			sourceTree = "<group>";
		};
		6E57DA0B1FB305880064552F /* 10. 图片旋转缩放及模糊 */ = {
			isa = PBXGroup;
			children = (
				6E57DA0C1FB306080064552F /* ImageTransformController.swift */,
				6ECA01651FB425B400D5F3A2 /* ImageTransformController.xib */,
				6ECA01631FB3D4E100D5F3A2 /* cat.jpg */,
			);
			path = "10. 图片旋转缩放及模糊";
			sourceTree = "<group>";
		};
		6E6E662D1FAAC16B00067A14 /* 3.定位服务 */ = {
			isa = PBXGroup;
			children = (
				6E6E66321FAAC70000067A14 /* LTVLocationManager.swift */,
				6E6E662E1FAAC18D00067A14 /* LocationServiceController.swift */,
				6E6E662F1FAAC18D00067A14 /* LocationServiceController.xib */,
			);
			path = "3.定位服务";
			sourceTree = "<group>";
		};
		6E71B0CF1FAAB13200710A45 /* 2.视频播放器 */ = {
			isa = PBXGroup;
			children = (
				6E6E662B1FAABBDB00067A14 /* video.mov */,
				6E71B0D41FAAB2C900710A45 /* VideoPlayerController.swift */,
			);
			path = "2.视频播放器";
			sourceTree = "<group>";
		};
		6E8560551FAE014E00A31BBF /* 5.渐变色 */ = {
			isa = PBXGroup;
			children = (
				6E8560561FAE01E600A31BBF /* GraduateColorController.swift */,
				6EE1EF5F1FAFEFD000FB55CD /* GraduateColorController.xib */,
			);
			path = "5.渐变色";
			sourceTree = "<group>";
		};
		6E9A96281FB18A3F00405E1B /* Resource */ = {
			isa = PBXGroup;
			children = (
				6E9A96291FB18A3F00405E1B /* 0.jpg */,
				6E9A962A1FB18A3F00405E1B /* 1.jpg */,
				6E9A962B1FB18A3F00405E1B /* 2.jpg */,
				6E9A962C1FB18A3F00405E1B /* 3.jpg */,
				6E9A962D1FB18A3F00405E1B /* 4.jpg */,
				6E9A962E1FB18A3F00405E1B /* 5.jpg */,
				6E9A962F1FB18A3F00405E1B /* 6.jpg */,
				6E9A96301FB18A3F00405E1B /* 7.jpg */,
				6E9A96311FB18A3F00405E1B /* 8.jpg */,
				6E9A96321FB18A3F00405E1B /* 9.jpg */,
			);
			path = Resource;
			sourceTree = "<group>";
		};
		6E9A96791FB1DF5B00405E1B /* 8. 相机使用 */ = {
			isa = PBXGroup;
			children = (
				6E9A967A1FB28A0500405E1B /* CameraController.swift */,
			);
			path = "8. 相机使用";
			sourceTree = "<group>";
		};
		6E9A967D1FB2DBBD00405E1B /* 9. 下拉刷新 */ = {
			isa = PBXGroup;
			children = (
				6E9A967E1FB2DBEB00405E1B /* RefreshActionController.swift */,
				6E4A67C61FB2EBD000A30647 /* LTVRefreshControl.swift */,
				6E57DA051FB2F7B70064552F /* RefreshContentView.swift */,
				6E57DA091FB2F7D80064552F /* RefreshContentView.xib */,
			);
			path = "9. 下拉刷新";
			sourceTree = "<group>";
		};
		6ECA01671FB4375100D5F3A2 /* 11. TableViewCell背景渐变 */ = {
			isa = PBXGroup;
			children = (
				6ECA01681FB437F600D5F3A2 /* GradientTableController.swift */,
				6ECA016A1FB43EE400D5F3A2 /* GradientCell.swift */,
			);
			path = "11. TableViewCell背景渐变";
			sourceTree = "<group>";
		};
/* End PBXGroup section */

/* Begin PBXNativeTarget section */
		6E207D5E1FA71CE600E323EA /* LTVSwift */ = {
			isa = PBXNativeTarget;
			buildConfigurationList = 6E207D871FA71CE600E323EA /* Build configuration list for PBXNativeTarget "LTVSwift" */;
			buildPhases = (
				6E207D5B1FA71CE600E323EA /* Sources */,
				6E207D5C1FA71CE600E323EA /* Frameworks */,
				6E207D5D1FA71CE600E323EA /* Resources */,
			);
			buildRules = (
			);
			dependencies = (
			);
			name = LTVSwift;
			productName = LTVSwift;
			productReference = 6E207D5F1FA71CE600E323EA /* LTVSwift.app */;
			productType = "com.apple.product-type.application";
		};
		6E207D721FA71CE600E323EA /* LTVSwiftTests */ = {
			isa = PBXNativeTarget;
			buildConfigurationList = 6E207D8A1FA71CE600E323EA /* Build configuration list for PBXNativeTarget "LTVSwiftTests" */;
			buildPhases = (
				6E207D6F1FA71CE600E323EA /* Sources */,
				6E207D701FA71CE600E323EA /* Frameworks */,
				6E207D711FA71CE600E323EA /* Resources */,
			);
			buildRules = (
			);
			dependencies = (
				6E207D751FA71CE600E323EA /* PBXTargetDependency */,
			);
			name = LTVSwiftTests;
			productName = LTVSwiftTests;
			productReference = 6E207D731FA71CE600E323EA /* LTVSwiftTests.xctest */;
			productType = "com.apple.product-type.bundle.unit-test";
		};
		6E207D7D1FA71CE600E323EA /* LTVSwiftUITests */ = {
			isa = PBXNativeTarget;
			buildConfigurationList = 6E207D8D1FA71CE600E323EA /* Build configuration list for PBXNativeTarget "LTVSwiftUITests" */;
			buildPhases = (
				6E207D7A1FA71CE600E323EA /* Sources */,
				6E207D7B1FA71CE600E323EA /* Frameworks */,
				6E207D7C1FA71CE600E323EA /* Resources */,
			);
			buildRules = (
			);
			dependencies = (
				6E207D801FA71CE600E323EA /* PBXTargetDependency */,
			);
			name = LTVSwiftUITests;
			productName = LTVSwiftUITests;
			productReference = 6E207D7E1FA71CE600E323EA /* LTVSwiftUITests.xctest */;
			productType = "com.apple.product-type.bundle.ui-testing";
		};
/* End PBXNativeTarget section */

/* Begin PBXProject section */
		6E207D571FA71CE600E323EA /* Project object */ = {
			isa = PBXProject;
			attributes = {
				LastSwiftUpdateCheck = 0900;
				LastUpgradeCheck = 0900;
				ORGANIZATIONNAME = Lotheve;
				TargetAttributes = {
					6E207D5E1FA71CE600E323EA = {
						CreatedOnToolsVersion = 9.0.1;
						ProvisioningStyle = Automatic;
					};
					6E207D721FA71CE600E323EA = {
						CreatedOnToolsVersion = 9.0.1;
						ProvisioningStyle = Automatic;
						TestTargetID = 6E207D5E1FA71CE600E323EA;
					};
					6E207D7D1FA71CE600E323EA = {
						CreatedOnToolsVersion = 9.0.1;
						ProvisioningStyle = Automatic;
						TestTargetID = 6E207D5E1FA71CE600E323EA;
					};
				};
			};
			buildConfigurationList = 6E207D5A1FA71CE600E323EA /* Build configuration list for PBXProject "LTVSwift" */;
			compatibilityVersion = "Xcode 8.0";
			developmentRegion = en;
			hasScannedForEncodings = 0;
			knownRegions = (
				en,
				Base,
			);
			mainGroup = 6E207D561FA71CE600E323EA;
			productRefGroup = 6E207D601FA71CE600E323EA /* Products */;
			projectDirPath = "";
			projectRoot = "";
			targets = (
				6E207D5E1FA71CE600E323EA /* LTVSwift */,
				6E207D721FA71CE600E323EA /* LTVSwiftTests */,
				6E207D7D1FA71CE600E323EA /* LTVSwiftUITests */,
			);
		};
/* End PBXProject section */

/* Begin PBXResourcesBuildPhase section */
		6E207D5D1FA71CE600E323EA /* Resources */ = {
			isa = PBXResourcesBuildPhase;
			buildActionMask = 2147483647;
			files = (
				6E9A963B1FB18A4000405E1B /* 8.jpg in Resources */,
				6E9A963C1FB18A4000405E1B /* 9.jpg in Resources */,
				6E6E662C1FAABBDB00067A14 /* video.mov in Resources */,
				6E207D6D1FA71CE600E323EA /* LaunchScreen.storyboard in Resources */,
				6E9A963A1FB18A4000405E1B /* 7.jpg in Resources */,
				6E9A96211FB1865A00405E1B /* CarouselCell.xib in Resources */,
				6E3FBAB11FAC42CE00157CFE /* ThreeDTouchController.xib in Resources */,
				6E12130A1FA9F9E9007207D1 /* TimerCell.xib in Resources */,
				6E2996071FB5509E009EF254 /* iconfont-password.png in Resources */,
				6E9A96371FB18A4000405E1B /* 4.jpg in Resources */,
				6E9A96361FB18A4000405E1B /* 3.jpg in Resources */,
				6E57DA0A1FB2F7D80064552F /* RefreshContentView.xib in Resources */,
				6E9A96351FB18A4000405E1B /* 2.jpg in Resources */,
				6E52B9DB1FB034D8007FBCB3 /* area.plist in Resources */,
				6E2996081FB5509E009EF254 /* iconfont-user.png in Resources */,
				6E2996051FB5509E009EF254 /* arm-up-right@2x.png in Resources */,
				6E6E66311FAAC18D00067A14 /* LocationServiceController.xib in Resources */,
				6EE1EF601FAFEFD000FB55CD /* GraduateColorController.xib in Resources */,
				6E2996021FB5509E009EF254 /* arm-down-left@2x.png in Resources */,
				6E9A96341FB18A4000405E1B /* 1.jpg in Resources */,
				6ECA01641FB3D4E100D5F3A2 /* cat.jpg in Resources */,
				6ECA01661FB425B400D5F3A2 /* ImageTransformController.xib in Resources */,
				6E2996041FB5509E009EF254 /* arm-up-left@2x.png in Resources */,
				6E1213061FA9A9D4007207D1 /* TimerController.xib in Resources */,
				6E2996061FB5509E009EF254 /* face@2x.png in Resources */,
				6E9A96391FB18A4000405E1B /* 6.jpg in Resources */,
				6E9A96381FB18A4000405E1B /* 5.jpg in Resources */,
				6E2996031FB5509E009EF254 /* arm-down-right@2x.png in Resources */,
				6E9A96331FB18A4000405E1B /* 0.jpg in Resources */,
				6E2995F91FB54DC5009EF254 /* AnimLoginViewController.xib in Resources */,
				6E207D6A1FA71CE600E323EA /* Assets.xcassets in Resources */,
				6E207DB21FA73C9E00E323EA /* demoList.plist in Resources */,
				6E114FF61FB00114009AD905 /* DataPickerController.xib in Resources */,
			);
			runOnlyForDeploymentPostprocessing = 0;
		};
		6E207D711FA71CE600E323EA /* Resources */ = {
			isa = PBXResourcesBuildPhase;
			buildActionMask = 2147483647;
			files = (
			);
			runOnlyForDeploymentPostprocessing = 0;
		};
		6E207D7C1FA71CE600E323EA /* Resources */ = {
			isa = PBXResourcesBuildPhase;
			buildActionMask = 2147483647;
			files = (
			);
			runOnlyForDeploymentPostprocessing = 0;
		};
/* End PBXResourcesBuildPhase section */

/* Begin PBXSourcesBuildPhase section */
		6E207D5B1FA71CE600E323EA /* Sources */ = {
			isa = PBXSourcesBuildPhase;
			buildActionMask = 2147483647;
			files = (
				6E2995F81FB54DC5009EF254 /* AnimLoginViewController.swift in Sources */,
				6EBE58021FB1523B007D1348 /* CarouselController.swift in Sources */,
				6E6E66301FAAC18D00067A14 /* LocationServiceController.swift in Sources */,
				6E8560571FAE01E600A31BBF /* GraduateColorController.swift in Sources */,
				6E9A967F1FB2DBEB00405E1B /* RefreshActionController.swift in Sources */,
				6E57DA0D1FB306080064552F /* ImageTransformController.swift in Sources */,
				6E9A96201FB1865A00405E1B /* CarouselCell.swift in Sources */,
				6E71B0D61FAAB2C900710A45 /* VideoPlayerController.swift in Sources */,
				6E114FF51FB00114009AD905 /* DataPickerController.swift in Sources */,
				6ECA01691FB437F600D5F3A2 /* GradientTableController.swift in Sources */,
				6E3025FA1FAC68D1005634DF /* LTVTableView.swift in Sources */,
				6E9A963E1FB18B2D00405E1B /* CarouselLayout.swift in Sources */,
				6E1213021FA9A0D8007207D1 /* BaseViewController.swift in Sources */,
				6E114FF81FB00726009AD905 /* DatePickerView.swift in Sources */,
				6E3FBAB31FAC557400157CFE /* PreviewController.swift in Sources */,
				6E207D631FA71CE600E323EA /* AppDelegate.swift in Sources */,
				6ECA016B1FB43EE400D5F3A2 /* GradientCell.swift in Sources */,
				6E29960A1FB59023009EF254 /* LoginSuccessController.swift in Sources */,
				6E1213051FA9A9D4007207D1 /* TimerController.swift in Sources */,
				6E4A67C71FB2EBD000A30647 /* LTVRefreshControl.swift in Sources */,
				6E3FBAB01FAC42CE00157CFE /* ThreeDTouchController.swift in Sources */,
				6E9A967B1FB28A0500405E1B /* CameraController.swift in Sources */,
				6E57DA061FB2F7B70064552F /* RefreshContentView.swift in Sources */,
				6E207D911FA71E2300E323EA /* MainViewController.swift in Sources */,
				6E207D931FA7236A00E323EA /* define.swift in Sources */,
				6E1213091FA9F9E9007207D1 /* TimerCell.swift in Sources */,
				6E114FFC1FB0073A009AD905 /* AreaPickerView.swift in Sources */,
				6E6E66331FAAC70000067A14 /* LTVLocationManager.swift in Sources */,
			);
			runOnlyForDeploymentPostprocessing = 0;
		};
		6E207D6F1FA71CE600E323EA /* Sources */ = {
			isa = PBXSourcesBuildPhase;
			buildActionMask = 2147483647;
			files = (
				6E207D781FA71CE600E323EA /* LTVSwiftTests.swift in Sources */,
			);
			runOnlyForDeploymentPostprocessing = 0;
		};
		6E207D7A1FA71CE600E323EA /* Sources */ = {
			isa = PBXSourcesBuildPhase;
			buildActionMask = 2147483647;
			files = (
				6E207D831FA71CE600E323EA /* LTVSwiftUITests.swift in Sources */,
			);
			runOnlyForDeploymentPostprocessing = 0;
		};
/* End PBXSourcesBuildPhase section */

/* Begin PBXTargetDependency section */
		6E207D751FA71CE600E323EA /* PBXTargetDependency */ = {
			isa = PBXTargetDependency;
			target = 6E207D5E1FA71CE600E323EA /* LTVSwift */;
			targetProxy = 6E207D741FA71CE600E323EA /* PBXContainerItemProxy */;
		};
		6E207D801FA71CE600E323EA /* PBXTargetDependency */ = {
			isa = PBXTargetDependency;
			target = 6E207D5E1FA71CE600E323EA /* LTVSwift */;
			targetProxy = 6E207D7F1FA71CE600E323EA /* PBXContainerItemProxy */;
		};
/* End PBXTargetDependency section */

/* Begin PBXVariantGroup section */
		6E207D6B1FA71CE600E323EA /* LaunchScreen.storyboard */ = {
			isa = PBXVariantGroup;
			children = (
				6E207D6C1FA71CE600E323EA /* Base */,
			);
			name = LaunchScreen.storyboard;
			sourceTree = "<group>";
		};
/* End PBXVariantGroup section */

/* Begin XCBuildConfiguration section */
		6E207D851FA71CE600E323EA /* Debug */ = {
			isa = XCBuildConfiguration;
			buildSettings = {
				ALWAYS_SEARCH_USER_PATHS = NO;
				CLANG_ANALYZER_NONNULL = YES;
				CLANG_ANALYZER_NUMBER_OBJECT_CONVERSION = YES_AGGRESSIVE;
				CLANG_CXX_LANGUAGE_STANDARD = "gnu++14";
				CLANG_CXX_LIBRARY = "libc++";
				CLANG_ENABLE_MODULES = YES;
				CLANG_ENABLE_OBJC_ARC = YES;
				CLANG_WARN_BLOCK_CAPTURE_AUTORELEASING = YES;
				CLANG_WARN_BOOL_CONVERSION = YES;
				CLANG_WARN_COMMA = YES;
				CLANG_WARN_CONSTANT_CONVERSION = YES;
				CLANG_WARN_DIRECT_OBJC_ISA_USAGE = YES_ERROR;
				CLANG_WARN_DOCUMENTATION_COMMENTS = YES;
				CLANG_WARN_EMPTY_BODY = YES;
				CLANG_WARN_ENUM_CONVERSION = YES;
				CLANG_WARN_INFINITE_RECURSION = YES;
				CLANG_WARN_INT_CONVERSION = YES;
				CLANG_WARN_NON_LITERAL_NULL_CONVERSION = YES;
				CLANG_WARN_OBJC_LITERAL_CONVERSION = YES;
				CLANG_WARN_OBJC_ROOT_CLASS = YES_ERROR;
				CLANG_WARN_RANGE_LOOP_ANALYSIS = YES;
				CLANG_WARN_STRICT_PROTOTYPES = YES;
				CLANG_WARN_SUSPICIOUS_MOVE = YES;
				CLANG_WARN_UNGUARDED_AVAILABILITY = YES_AGGRESSIVE;
				CLANG_WARN_UNREACHABLE_CODE = YES;
				CLANG_WARN__DUPLICATE_METHOD_MATCH = YES;
				CODE_SIGN_IDENTITY = "iPhone Developer";
				COPY_PHASE_STRIP = NO;
				DEBUG_INFORMATION_FORMAT = dwarf;
				ENABLE_STRICT_OBJC_MSGSEND = YES;
				ENABLE_TESTABILITY = YES;
				GCC_C_LANGUAGE_STANDARD = gnu11;
				GCC_DYNAMIC_NO_PIC = NO;
				GCC_NO_COMMON_BLOCKS = YES;
				GCC_OPTIMIZATION_LEVEL = 0;
				GCC_PREPROCESSOR_DEFINITIONS = (
					"DEBUG=1",
					"$(inherited)",
				);
				GCC_WARN_64_TO_32_BIT_CONVERSION = YES;
				GCC_WARN_ABOUT_RETURN_TYPE = YES_ERROR;
				GCC_WARN_UNDECLARED_SELECTOR = YES;
				GCC_WARN_UNINITIALIZED_AUTOS = YES_AGGRESSIVE;
				GCC_WARN_UNUSED_FUNCTION = YES;
				GCC_WARN_UNUSED_VARIABLE = YES;
				IPHONEOS_DEPLOYMENT_TARGET = 11.0;
				MTL_ENABLE_DEBUG_INFO = YES;
				ONLY_ACTIVE_ARCH = YES;
				SDKROOT = iphoneos;
				SWIFT_ACTIVE_COMPILATION_CONDITIONS = DEBUG;
				SWIFT_OPTIMIZATION_LEVEL = "-Onone";
			};
			name = Debug;
		};
		6E207D861FA71CE600E323EA /* Release */ = {
			isa = XCBuildConfiguration;
			buildSettings = {
				ALWAYS_SEARCH_USER_PATHS = NO;
				CLANG_ANALYZER_NONNULL = YES;
				CLANG_ANALYZER_NUMBER_OBJECT_CONVERSION = YES_AGGRESSIVE;
				CLANG_CXX_LANGUAGE_STANDARD = "gnu++14";
				CLANG_CXX_LIBRARY = "libc++";
				CLANG_ENABLE_MODULES = YES;
				CLANG_ENABLE_OBJC_ARC = YES;
				CLANG_WARN_BLOCK_CAPTURE_AUTORELEASING = YES;
				CLANG_WARN_BOOL_CONVERSION = YES;
				CLANG_WARN_COMMA = YES;
				CLANG_WARN_CONSTANT_CONVERSION = YES;
				CLANG_WARN_DIRECT_OBJC_ISA_USAGE = YES_ERROR;
				CLANG_WARN_DOCUMENTATION_COMMENTS = YES;
				CLANG_WARN_EMPTY_BODY = YES;
				CLANG_WARN_ENUM_CONVERSION = YES;
				CLANG_WARN_INFINITE_RECURSION = YES;
				CLANG_WARN_INT_CONVERSION = YES;
				CLANG_WARN_NON_LITERAL_NULL_CONVERSION = YES;
				CLANG_WARN_OBJC_LITERAL_CONVERSION = YES;
				CLANG_WARN_OBJC_ROOT_CLASS = YES_ERROR;
				CLANG_WARN_RANGE_LOOP_ANALYSIS = YES;
				CLANG_WARN_STRICT_PROTOTYPES = YES;
				CLANG_WARN_SUSPICIOUS_MOVE = YES;
				CLANG_WARN_UNGUARDED_AVAILABILITY = YES_AGGRESSIVE;
				CLANG_WARN_UNREACHABLE_CODE = YES;
				CLANG_WARN__DUPLICATE_METHOD_MATCH = YES;
				CODE_SIGN_IDENTITY = "iPhone Developer";
				COPY_PHASE_STRIP = NO;
				DEBUG_INFORMATION_FORMAT = "dwarf-with-dsym";
				ENABLE_NS_ASSERTIONS = NO;
				ENABLE_STRICT_OBJC_MSGSEND = YES;
				GCC_C_LANGUAGE_STANDARD = gnu11;
				GCC_NO_COMMON_BLOCKS = YES;
				GCC_WARN_64_TO_32_BIT_CONVERSION = YES;
				GCC_WARN_ABOUT_RETURN_TYPE = YES_ERROR;
				GCC_WARN_UNDECLARED_SELECTOR = YES;
				GCC_WARN_UNINITIALIZED_AUTOS = YES_AGGRESSIVE;
				GCC_WARN_UNUSED_FUNCTION = YES;
				GCC_WARN_UNUSED_VARIABLE = YES;
				IPHONEOS_DEPLOYMENT_TARGET = 11.0;
				MTL_ENABLE_DEBUG_INFO = NO;
				SDKROOT = iphoneos;
				SWIFT_OPTIMIZATION_LEVEL = "-Owholemodule";
				VALIDATE_PRODUCT = YES;
			};
			name = Release;
		};
		6E207D881FA71CE600E323EA /* Debug */ = {
			isa = XCBuildConfiguration;
			buildSettings = {
				ASSETCATALOG_COMPILER_APPICON_NAME = AppIcon;
				CODE_SIGN_STYLE = Automatic;
				DEVELOPMENT_TEAM = DVA5NZ84PS;
				GCC_PRECOMPILE_PREFIX_HEADER = YES;
				INFOPLIST_FILE = LTVSwift/Info.plist;
				IPHONEOS_DEPLOYMENT_TARGET = 8.0;
				LD_RUNPATH_SEARCH_PATHS = "$(inherited) @executable_path/Frameworks";
				PRODUCT_BUNDLE_IDENTIFIER = com.lotheve.LTVSwift;
				PRODUCT_NAME = "$(TARGET_NAME)";
				SWIFT_VERSION = 4.0;
				TARGETED_DEVICE_FAMILY = "1,2";
			};
			name = Debug;
		};
		6E207D891FA71CE600E323EA /* Release */ = {
			isa = XCBuildConfiguration;
			buildSettings = {
				ASSETCATALOG_COMPILER_APPICON_NAME = AppIcon;
				CODE_SIGN_STYLE = Automatic;
				DEVELOPMENT_TEAM = DVA5NZ84PS;
				GCC_PRECOMPILE_PREFIX_HEADER = YES;
				INFOPLIST_FILE = LTVSwift/Info.plist;
				IPHONEOS_DEPLOYMENT_TARGET = 8.0;
				LD_RUNPATH_SEARCH_PATHS = "$(inherited) @executable_path/Frameworks";
				PRODUCT_BUNDLE_IDENTIFIER = com.lotheve.LTVSwift;
				PRODUCT_NAME = "$(TARGET_NAME)";
				SWIFT_VERSION = 4.0;
				TARGETED_DEVICE_FAMILY = "1,2";
			};
			name = Release;
		};
		6E207D8B1FA71CE600E323EA /* Debug */ = {
			isa = XCBuildConfiguration;
			buildSettings = {
				ALWAYS_EMBED_SWIFT_STANDARD_LIBRARIES = YES;
				BUNDLE_LOADER = "$(TEST_HOST)";
				CODE_SIGN_STYLE = Automatic;
				DEVELOPMENT_TEAM = DVA5NZ84PS;
				INFOPLIST_FILE = LTVSwiftTests/Info.plist;
				LD_RUNPATH_SEARCH_PATHS = "$(inherited) @executable_path/Frameworks @loader_path/Frameworks";
				PRODUCT_BUNDLE_IDENTIFIER = com.lotheve.LTVSwiftTests;
				PRODUCT_NAME = "$(TARGET_NAME)";
				SWIFT_VERSION = 4.0;
				TARGETED_DEVICE_FAMILY = "1,2";
				TEST_HOST = "$(BUILT_PRODUCTS_DIR)/LTVSwift.app/LTVSwift";
			};
			name = Debug;
		};
		6E207D8C1FA71CE600E323EA /* Release */ = {
			isa = XCBuildConfiguration;
			buildSettings = {
				ALWAYS_EMBED_SWIFT_STANDARD_LIBRARIES = YES;
				BUNDLE_LOADER = "$(TEST_HOST)";
				CODE_SIGN_STYLE = Automatic;
				DEVELOPMENT_TEAM = DVA5NZ84PS;
				INFOPLIST_FILE = LTVSwiftTests/Info.plist;
				LD_RUNPATH_SEARCH_PATHS = "$(inherited) @executable_path/Frameworks @loader_path/Frameworks";
				PRODUCT_BUNDLE_IDENTIFIER = com.lotheve.LTVSwiftTests;
				PRODUCT_NAME = "$(TARGET_NAME)";
				SWIFT_VERSION = 4.0;
				TARGETED_DEVICE_FAMILY = "1,2";
				TEST_HOST = "$(BUILT_PRODUCTS_DIR)/LTVSwift.app/LTVSwift";
			};
			name = Release;
		};
		6E207D8E1FA71CE600E323EA /* Debug */ = {
			isa = XCBuildConfiguration;
			buildSettings = {
				ALWAYS_EMBED_SWIFT_STANDARD_LIBRARIES = YES;
				CODE_SIGN_STYLE = Automatic;
				DEVELOPMENT_TEAM = DVA5NZ84PS;
				INFOPLIST_FILE = LTVSwiftUITests/Info.plist;
				LD_RUNPATH_SEARCH_PATHS = "$(inherited) @executable_path/Frameworks @loader_path/Frameworks";
				PRODUCT_BUNDLE_IDENTIFIER = com.lotheve.LTVSwiftUITests;
				PRODUCT_NAME = "$(TARGET_NAME)";
				SWIFT_VERSION = 4.0;
				TARGETED_DEVICE_FAMILY = "1,2";
				TEST_TARGET_NAME = LTVSwift;
			};
			name = Debug;
		};
		6E207D8F1FA71CE600E323EA /* Release */ = {
			isa = XCBuildConfiguration;
			buildSettings = {
				ALWAYS_EMBED_SWIFT_STANDARD_LIBRARIES = YES;
				CODE_SIGN_STYLE = Automatic;
				DEVELOPMENT_TEAM = DVA5NZ84PS;
				INFOPLIST_FILE = LTVSwiftUITests/Info.plist;
				LD_RUNPATH_SEARCH_PATHS = "$(inherited) @executable_path/Frameworks @loader_path/Frameworks";
				PRODUCT_BUNDLE_IDENTIFIER = com.lotheve.LTVSwiftUITests;
				PRODUCT_NAME = "$(TARGET_NAME)";
				SWIFT_VERSION = 4.0;
				TARGETED_DEVICE_FAMILY = "1,2";
				TEST_TARGET_NAME = LTVSwift;
			};
			name = Release;
		};
/* End XCBuildConfiguration section */

/* Begin XCConfigurationList section */
		6E207D5A1FA71CE600E323EA /* Build configuration list for PBXProject "LTVSwift" */ = {
			isa = XCConfigurationList;
			buildConfigurations = (
				6E207D851FA71CE600E323EA /* Debug */,
				6E207D861FA71CE600E323EA /* Release */,
			);
			defaultConfigurationIsVisible = 0;
			defaultConfigurationName = Release;
		};
		6E207D871FA71CE600E323EA /* Build configuration list for PBXNativeTarget "LTVSwift" */ = {
			isa = XCConfigurationList;
			buildConfigurations = (
				6E207D881FA71CE600E323EA /* Debug */,
				6E207D891FA71CE600E323EA /* Release */,
			);
			defaultConfigurationIsVisible = 0;
			defaultConfigurationName = Release;
		};
		6E207D8A1FA71CE600E323EA /* Build configuration list for PBXNativeTarget "LTVSwiftTests" */ = {
			isa = XCConfigurationList;
			buildConfigurations = (
				6E207D8B1FA71CE600E323EA /* Debug */,
				6E207D8C1FA71CE600E323EA /* Release */,
			);
			defaultConfigurationIsVisible = 0;
			defaultConfigurationName = Release;
		};
		6E207D8D1FA71CE600E323EA /* Build configuration list for PBXNativeTarget "LTVSwiftUITests" */ = {
			isa = XCConfigurationList;
			buildConfigurations = (
				6E207D8E1FA71CE600E323EA /* Debug */,
				6E207D8F1FA71CE600E323EA /* Release */,
			);
			defaultConfigurationIsVisible = 0;
			defaultConfigurationName = Release;
		};
/* End XCConfigurationList section */
	};
	rootObject = 6E207D571FA71CE600E323EA /* Project object */;
}
